// !$*UTF8*$!
{
	archiveVersion = 1;
	classes = {
	};
	objectVersion = 56;
	objects = {

/* Begin PBXBuildFile section */
		0D006C352A38FE6C007E6647 /* GetLevels.swift in Sources */ = {isa = PBXBuildFile; fileRef = 0D006C342A38FE6C007E6647 /* GetLevels.swift */; };
		0D31144C2A56EB18005C34CF /* LevelsViewTest.swift in Sources */ = {isa = PBXBuildFile; fileRef = 0D31144B2A56EB18005C34CF /* LevelsViewTest.swift */; };
		0D3114BC2A56FC64005C34CF /* incorrect.mp3 in Resources */ = {isa = PBXBuildFile; fileRef = 0D31144E2A56FC63005C34CF /* incorrect.mp3 */; };
		0D3114BD2A56FC64005C34CF /* cho.mp3 in Resources */ = {isa = PBXBuildFile; fileRef = 0D31144F2A56FC64005C34CF /* cho.mp3 */; };
		0D3114BE2A56FC64005C34CF /* wa.mp3 in Resources */ = {isa = PBXBuildFile; fileRef = 0D3114502A56FC64005C34CF /* wa.mp3 */; };
		0D3114BF2A56FC64005C34CF /* mo.mp3 in Resources */ = {isa = PBXBuildFile; fileRef = 0D3114512A56FC64005C34CF /* mo.mp3 */; };
		0D3114C02A56FC64005C34CF /* a.mp3 in Resources */ = {isa = PBXBuildFile; fileRef = 0D3114522A56FC64005C34CF /* a.mp3 */; };
		0D3114C12A56FC64005C34CF /* ba.mp3 in Resources */ = {isa = PBXBuildFile; fileRef = 0D3114532A56FC64005C34CF /* ba.mp3 */; };
		0D3114C22A56FC64005C34CF /* nu.mp3 in Resources */ = {isa = PBXBuildFile; fileRef = 0D3114542A56FC64005C34CF /* nu.mp3 */; };
		0D3114C32A56FC64005C34CF /* wu.mp3 in Resources */ = {isa = PBXBuildFile; fileRef = 0D3114552A56FC64005C34CF /* wu.mp3 */; };
		0D3114C42A56FC64005C34CF /* ze.mp3 in Resources */ = {isa = PBXBuildFile; fileRef = 0D3114562A56FC64005C34CF /* ze.mp3 */; };
		0D3114C52A56FC64005C34CF /* u.mp3 in Resources */ = {isa = PBXBuildFile; fileRef = 0D3114572A56FC64005C34CF /* u.mp3 */; };
		0D3114C62A56FC64005C34CF /* bu.mp3 in Resources */ = {isa = PBXBuildFile; fileRef = 0D3114582A56FC64005C34CF /* bu.mp3 */; };
		0D3114C72A56FC64005C34CF /* na.mp3 in Resources */ = {isa = PBXBuildFile; fileRef = 0D3114592A56FC64005C34CF /* na.mp3 */; };
		0D3114C82A56FC64005C34CF /* hyo.mp3 in Resources */ = {isa = PBXBuildFile; fileRef = 0D31145A2A56FC64005C34CF /* hyo.mp3 */; };
		0D3114C92A56FC64005C34CF /* to.mp3 in Resources */ = {isa = PBXBuildFile; fileRef = 0D31145B2A56FC64005C34CF /* to.mp3 */; };
		0D3114CA2A56FC64005C34CF /* chi.mp3 in Resources */ = {isa = PBXBuildFile; fileRef = 0D31145C2A56FC64005C34CF /* chi.mp3 */; };
		0D3114CB2A56FC64005C34CF /* ne.mp3 in Resources */ = {isa = PBXBuildFile; fileRef = 0D31145D2A56FC64005C34CF /* ne.mp3 */; };
		0D3114CC2A56FC64005C34CF /* mi.mp3 in Resources */ = {isa = PBXBuildFile; fileRef = 0D31145E2A56FC64005C34CF /* mi.mp3 */; };
		0D3114CD2A56FC64005C34CF /* za.mp3 in Resources */ = {isa = PBXBuildFile; fileRef = 0D31145F2A56FC64005C34CF /* za.mp3 */; };
		0D3114CE2A56FC64005C34CF /* bya.mp3 in Resources */ = {isa = PBXBuildFile; fileRef = 0D3114602A56FC64005C34CF /* bya.mp3 */; };
		0D3114CF2A56FC64005C34CF /* yo.mp3 in Resources */ = {isa = PBXBuildFile; fileRef = 0D3114612A56FC64005C34CF /* yo.mp3 */; };
		0D3114D02A56FC64005C34CF /* be.mp3 in Resources */ = {isa = PBXBuildFile; fileRef = 0D3114622A56FC64005C34CF /* be.mp3 */; };
		0D3114D12A56FC64005C34CF /* e.mp3 in Resources */ = {isa = PBXBuildFile; fileRef = 0D3114632A56FC64005C34CF /* e.mp3 */; };
		0D3114D22A56FC64005C34CF /* nyo.mp3 in Resources */ = {isa = PBXBuildFile; fileRef = 0D3114642A56FC64005C34CF /* nyo.mp3 */; };
		0D3114D32A56FC64005C34CF /* byu.mp3 in Resources */ = {isa = PBXBuildFile; fileRef = 0D3114652A56FC64005C34CF /* byu.mp3 */; };
		0D3114D42A56FC64005C34CF /* gya.mp3 in Resources */ = {isa = PBXBuildFile; fileRef = 0D3114662A56FC64005C34CF /* gya.mp3 */; };
		0D3114D52A56FC64005C34CF /* go.mp3 in Resources */ = {isa = PBXBuildFile; fileRef = 0D3114672A56FC64005C34CF /* go.mp3 */; };
		0D3114D62A56FC64005C34CF /* du.mp3 in Resources */ = {isa = PBXBuildFile; fileRef = 0D3114682A56FC64005C34CF /* du.mp3 */; };
		0D3114D72A56FC64005C34CF /* ha.mp3 in Resources */ = {isa = PBXBuildFile; fileRef = 0D3114692A56FC64005C34CF /* ha.mp3 */; };
		0D3114D82A56FC64005C34CF /* ji.mp3 in Resources */ = {isa = PBXBuildFile; fileRef = 0D31146A2A56FC64005C34CF /* ji.mp3 */; };
		0D3114D92A56FC64005C34CF /* ro.mp3 in Resources */ = {isa = PBXBuildFile; fileRef = 0D31146B2A56FC64005C34CF /* ro.mp3 */; };
		0D3114DA2A56FC64005C34CF /* click.mp3 in Resources */ = {isa = PBXBuildFile; fileRef = 0D31146C2A56FC64005C34CF /* click.mp3 */; };
		0D3114DB2A56FC64005C34CF /* ryo.mp3 in Resources */ = {isa = PBXBuildFile; fileRef = 0D31146D2A56FC64005C34CF /* ryo.mp3 */; };
		0D3114DC2A56FC64005C34CF /* kyo.mp3 in Resources */ = {isa = PBXBuildFile; fileRef = 0D31146E2A56FC64005C34CF /* kyo.mp3 */; };
		0D3114DD2A56FC64005C34CF /* gyu.mp3 in Resources */ = {isa = PBXBuildFile; fileRef = 0D31146F2A56FC64005C34CF /* gyu.mp3 */; };
		0D3114DE2A56FC64005C34CF /* pyo.mp3 in Resources */ = {isa = PBXBuildFile; fileRef = 0D3114702A56FC64005C34CF /* pyo.mp3 */; };
		0D3114DF2A56FC64005C34CF /* pe.mp3 in Resources */ = {isa = PBXBuildFile; fileRef = 0D3114712A56FC64005C34CF /* pe.mp3 */; };
		0D3114E02A56FC64005C34CF /* ko.mp3 in Resources */ = {isa = PBXBuildFile; fileRef = 0D3114722A56FC64005C34CF /* ko.mp3 */; };
		0D3114E12A56FC64005C34CF /* da.mp3 in Resources */ = {isa = PBXBuildFile; fileRef = 0D3114732A56FC64005C34CF /* da.mp3 */; };
		0D3114E22A56FC64005C34CF /* hu.mp3 in Resources */ = {isa = PBXBuildFile; fileRef = 0D3114742A56FC64005C34CF /* hu.mp3 */; };
		0D3114E32A56FC64005C34CF /* sha.mp3 in Resources */ = {isa = PBXBuildFile; fileRef = 0D3114752A56FC64005C34CF /* sha.mp3 */; };
		0D3114E42A56FC64005C34CF /* de.mp3 in Resources */ = {isa = PBXBuildFile; fileRef = 0D3114762A56FC64005C34CF /* de.mp3 */; };
		0D3114E52A56FC64005C34CF /* gi.mp3 in Resources */ = {isa = PBXBuildFile; fileRef = 0D3114772A56FC64005C34CF /* gi.mp3 */; };
		0D3114E62A56FC64005C34CF /* jo.mp3 in Resources */ = {isa = PBXBuildFile; fileRef = 0D3114782A56FC64005C34CF /* jo.mp3 */; };
		0D3114E72A56FC64005C34CF /* ri.mp3 in Resources */ = {isa = PBXBuildFile; fileRef = 0D3114792A56FC64005C34CF /* ri.mp3 */; };
		0D3114E82A56FC64005C34CF /* pa.mp3 in Resources */ = {isa = PBXBuildFile; fileRef = 0D31147A2A56FC64005C34CF /* pa.mp3 */; };
		0D3114E92A56FC64005C34CF /* so.mp3 in Resources */ = {isa = PBXBuildFile; fileRef = 0D31147B2A56FC64005C34CF /* so.mp3 */; };
		0D3114EA2A56FC64005C34CF /* shu.mp3 in Resources */ = {isa = PBXBuildFile; fileRef = 0D31147C2A56FC64005C34CF /* shu.mp3 */; };
		0D3114EB2A56FC64005C34CF /* he.mp3 in Resources */ = {isa = PBXBuildFile; fileRef = 0D31147D2A56FC64005C34CF /* he.mp3 */; };
		0D3114EC2A56FC64005C34CF /* myo.mp3 in Resources */ = {isa = PBXBuildFile; fileRef = 0D31147E2A56FC64005C34CF /* myo.mp3 */; };
		0D3114ED2A56FC64005C34CF /* ki.mp3 in Resources */ = {isa = PBXBuildFile; fileRef = 0D31147F2A56FC64005C34CF /* ki.mp3 */; };
		0D3114EE2A56FC64005C34CF /* pu.mp3 in Resources */ = {isa = PBXBuildFile; fileRef = 0D3114802A56FC64005C34CF /* pu.mp3 */; };
		0D3114EF2A56FC64005C34CF /* down.mp3 in Resources */ = {isa = PBXBuildFile; fileRef = 0D3114812A56FC64005C34CF /* down.mp3 */; };
		0D3114F02A56FC64005C34CF /* po.mp3 in Resources */ = {isa = PBXBuildFile; fileRef = 0D3114822A56FC64005C34CF /* po.mp3 */; };
		0D3114F12A56FC64005C34CF /* hi.mp3 in Resources */ = {isa = PBXBuildFile; fileRef = 0D3114832A56FC64005C34CF /* hi.mp3 */; };
		0D3114F22A56FC64005C34CF /* ja.mp3 in Resources */ = {isa = PBXBuildFile; fileRef = 0D3114842A56FC64005C34CF /* ja.mp3 */; };
		0D3114F32A56FC64005C34CF /* ke.mp3 in Resources */ = {isa = PBXBuildFile; fileRef = 0D3114852A56FC64005C34CF /* ke.mp3 */; };
		0D3114F42A56FC64005C34CF /* myu.mp3 in Resources */ = {isa = PBXBuildFile; fileRef = 0D3114862A56FC64005C34CF /* myu.mp3 */; };
		0D3114F62A56FC64005C34CF /* su.mp3 in Resources */ = {isa = PBXBuildFile; fileRef = 0D3114882A56FC64005C34CF /* su.mp3 */; };
		0D3114F72A56FC64005C34CF /* sho.mp3 in Resources */ = {isa = PBXBuildFile; fileRef = 0D3114892A56FC64005C34CF /* sho.mp3 */; };
		0D3114F82A56FC64005C34CF /* ju.mp3 in Resources */ = {isa = PBXBuildFile; fileRef = 0D31148A2A56FC64005C34CF /* ju.mp3 */; };
		0D3114F92A56FC64005C34CF /* di.mp3 in Resources */ = {isa = PBXBuildFile; fileRef = 0D31148B2A56FC64005C34CF /* di.mp3 */; };
		0D3114FA2A56FC64005C34CF /* ge.mp3 in Resources */ = {isa = PBXBuildFile; fileRef = 0D31148C2A56FC64005C34CF /* ge.mp3 */; };
		0D3114FB2A56FC64005C34CF /* mya.mp3 in Resources */ = {isa = PBXBuildFile; fileRef = 0D31148D2A56FC64005C34CF /* mya.mp3 */; };
		0D3114FC2A56FC64005C34CF /* re.mp3 in Resources */ = {isa = PBXBuildFile; fileRef = 0D31148E2A56FC64005C34CF /* re.mp3 */; };
		0D3114FD2A56FC64005C34CF /* sa.mp3 in Resources */ = {isa = PBXBuildFile; fileRef = 0D31148F2A56FC64005C34CF /* sa.mp3 */; };
		0D3114FE2A56FC64005C34CF /* rya.mp3 in Resources */ = {isa = PBXBuildFile; fileRef = 0D3114902A56FC64005C34CF /* rya.mp3 */; };
		0D3114FF2A56FC64005C34CF /* swipe.mp3 in Resources */ = {isa = PBXBuildFile; fileRef = 0D3114912A56FC64005C34CF /* swipe.mp3 */; };
		0D3115002A56FC64005C34CF /* se.mp3 in Resources */ = {isa = PBXBuildFile; fileRef = 0D3114922A56FC64005C34CF /* se.mp3 */; };
		0D3115012A56FC64005C34CF /* ra.mp3 in Resources */ = {isa = PBXBuildFile; fileRef = 0D3114932A56FC64005C34CF /* ra.mp3 */; };
		0D3115022A56FC64005C34CF /* pi.mp3 in Resources */ = {isa = PBXBuildFile; fileRef = 0D3114942A56FC64005C34CF /* pi.mp3 */; };
		0D3115032A56FC64005C34CF /* ho.mp3 in Resources */ = {isa = PBXBuildFile; fileRef = 0D3114952A56FC64005C34CF /* ho.mp3 */; };
		0D3115042A56FC64005C34CF /* ga.mp3 in Resources */ = {isa = PBXBuildFile; fileRef = 0D3114962A56FC64005C34CF /* ga.mp3 */; };
		0D3115052A56FC64005C34CF /* ku.mp3 in Resources */ = {isa = PBXBuildFile; fileRef = 0D3114972A56FC64005C34CF /* ku.mp3 */; };
		0D3115062A56FC64005C34CF /* shi.mp3 in Resources */ = {isa = PBXBuildFile; fileRef = 0D3114982A56FC64005C34CF /* shi.mp3 */; };
		0D3115072A56FC64005C34CF /* pyu.mp3 in Resources */ = {isa = PBXBuildFile; fileRef = 0D3114992A56FC64005C34CF /* pyu.mp3 */; };
		0D3115082A56FC64005C34CF /* gyo.mp3 in Resources */ = {isa = PBXBuildFile; fileRef = 0D31149A2A56FC64005C34CF /* gyo.mp3 */; };
		0D3115092A56FC64005C34CF /* kyu.mp3 in Resources */ = {isa = PBXBuildFile; fileRef = 0D31149B2A56FC64005C34CF /* kyu.mp3 */; };
		0D31150A2A56FC64005C34CF /* ryu.mp3 in Resources */ = {isa = PBXBuildFile; fileRef = 0D31149C2A56FC64005C34CF /* ryu.mp3 */; };
		0D31150B2A56FC64005C34CF /* ru.mp3 in Resources */ = {isa = PBXBuildFile; fileRef = 0D31149D2A56FC64005C34CF /* ru.mp3 */; };
		0D31150C2A56FC64005C34CF /* do.mp3 in Resources */ = {isa = PBXBuildFile; fileRef = 0D31149E2A56FC64005C34CF /* do.mp3 */; };
		0D31150D2A56FC64005C34CF /* gu.mp3 in Resources */ = {isa = PBXBuildFile; fileRef = 0D31149F2A56FC64005C34CF /* gu.mp3 */; };
		0D31150E2A56FC64005C34CF /* ka.mp3 in Resources */ = {isa = PBXBuildFile; fileRef = 0D3114A02A56FC64005C34CF /* ka.mp3 */; };
		0D31150F2A56FC64005C34CF /* pya.mp3 in Resources */ = {isa = PBXBuildFile; fileRef = 0D3114A12A56FC64005C34CF /* pya.mp3 */; };
		0D3115102A56FC64005C34CF /* kya.mp3 in Resources */ = {isa = PBXBuildFile; fileRef = 0D3114A22A56FC64005C34CF /* kya.mp3 */; };
		0D3115112A56FC64005C34CF /* byo.mp3 in Resources */ = {isa = PBXBuildFile; fileRef = 0D3114A32A56FC64005C34CF /* byo.mp3 */; };
		0D3115122A56FC64005C34CF /* nyu.mp3 in Resources */ = {isa = PBXBuildFile; fileRef = 0D3114A42A56FC64005C34CF /* nyu.mp3 */; };
		0D3115132A56FC64005C34CF /* zo.mp3 in Resources */ = {isa = PBXBuildFile; fileRef = 0D3114A52A56FC64005C34CF /* zo.mp3 */; };
		0D3115142A56FC64005C34CF /* bi.mp3 in Resources */ = {isa = PBXBuildFile; fileRef = 0D3114A62A56FC64005C34CF /* bi.mp3 */; };
		0D3115152A56FC64005C34CF /* i.mp3 in Resources */ = {isa = PBXBuildFile; fileRef = 0D3114A72A56FC64005C34CF /* i.mp3 */; };
		0D3115162A56FC64005C34CF /* yu.mp3 in Resources */ = {isa = PBXBuildFile; fileRef = 0D3114A82A56FC64005C34CF /* yu.mp3 */; };
		0D3115172A56FC64005C34CF /* te.mp3 in Resources */ = {isa = PBXBuildFile; fileRef = 0D3114A92A56FC64005C34CF /* te.mp3 */; };
		0D3115182A56FC64005C34CF /* nya.mp3 in Resources */ = {isa = PBXBuildFile; fileRef = 0D3114AA2A56FC64005C34CF /* nya.mp3 */; };
		0D3115192A56FC64005C34CF /* ni.mp3 in Resources */ = {isa = PBXBuildFile; fileRef = 0D3114AB2A56FC64005C34CF /* ni.mp3 */; };
		0D31151A2A56FC64005C34CF /* tsu.mp3 in Resources */ = {isa = PBXBuildFile; fileRef = 0D3114AC2A56FC64005C34CF /* tsu.mp3 */; };
		0D31151B2A56FC64005C34CF /* me.mp3 in Resources */ = {isa = PBXBuildFile; fileRef = 0D3114AD2A56FC64005C34CF /* me.mp3 */; };
		0D31151C2A56FC64005C34CF /* ya.mp3 in Resources */ = {isa = PBXBuildFile; fileRef = 0D3114AE2A56FC64005C34CF /* ya.mp3 */; };
		0D31151D2A56FC64005C34CF /* correct.mp3 in Resources */ = {isa = PBXBuildFile; fileRef = 0D3114AF2A56FC64005C34CF /* correct.mp3 */; };
		0D31151E2A56FC64005C34CF /* hyu.mp3 in Resources */ = {isa = PBXBuildFile; fileRef = 0D3114B02A56FC64005C34CF /* hyu.mp3 */; };
		0D31151F2A56FC64005C34CF /* bo.mp3 in Resources */ = {isa = PBXBuildFile; fileRef = 0D3114B12A56FC64005C34CF /* bo.mp3 */; };
		0D3115202A56FC64005C34CF /* dzu.mp3 in Resources */ = {isa = PBXBuildFile; fileRef = 0D3114B22A56FC64005C34CF /* dzu.mp3 */; };
		0D3115212A56FC64005C34CF /* o.mp3 in Resources */ = {isa = PBXBuildFile; fileRef = 0D3114B32A56FC64005C34CF /* o.mp3 */; };
		0D3115222A56FC64005C34CF /* ma.mp3 in Resources */ = {isa = PBXBuildFile; fileRef = 0D3114B42A56FC64005C34CF /* ma.mp3 */; };
		0D3115232A56FC64005C34CF /* wo.mp3 in Resources */ = {isa = PBXBuildFile; fileRef = 0D3114B52A56FC64005C34CF /* wo.mp3 */; };
		0D3115242A56FC64005C34CF /* cha.mp3 in Resources */ = {isa = PBXBuildFile; fileRef = 0D3114B62A56FC64005C34CF /* cha.mp3 */; };
		0D3115252A56FC64005C34CF /* ta.mp3 in Resources */ = {isa = PBXBuildFile; fileRef = 0D3114B72A56FC64005C34CF /* ta.mp3 */; };
		0D3115262A56FC64005C34CF /* hya.mp3 in Resources */ = {isa = PBXBuildFile; fileRef = 0D3114B82A56FC64005C34CF /* hya.mp3 */; };
		0D3115272A56FC64005C34CF /* no.mp3 in Resources */ = {isa = PBXBuildFile; fileRef = 0D3114B92A56FC64005C34CF /* no.mp3 */; };
		0D3115282A56FC64005C34CF /* mu.mp3 in Resources */ = {isa = PBXBuildFile; fileRef = 0D3114BA2A56FC64005C34CF /* mu.mp3 */; };
		0D3115292A56FC64005C34CF /* chu.mp3 in Resources */ = {isa = PBXBuildFile; fileRef = 0D3114BB2A56FC64005C34CF /* chu.mp3 */; };
		0D6DEEDC2A569D9400AF5E27 /* AudioPlayer.swift in Sources */ = {isa = PBXBuildFile; fileRef = 0D6DEEDB2A569D9400AF5E27 /* AudioPlayer.swift */; };
		0D7C4D6F2A424BE0008FC640 /* LearnView.swift in Sources */ = {isa = PBXBuildFile; fileRef = 0D7C4D6E2A424BE0008FC640 /* LearnView.swift */; };
		0D9F51F52A373F58009BDEC1 /* Learning2App.swift in Sources */ = {isa = PBXBuildFile; fileRef = 0D9F51F42A373F58009BDEC1 /* Learning2App.swift */; };
		0D9F51F92A373F5B009BDEC1 /* Assets.xcassets in Resources */ = {isa = PBXBuildFile; fileRef = 0D9F51F82A373F5B009BDEC1 /* Assets.xcassets */; };
		0D9F51FD2A373F5B009BDEC1 /* Preview Assets.xcassets in Resources */ = {isa = PBXBuildFile; fileRef = 0D9F51FC2A373F5B009BDEC1 /* Preview Assets.xcassets */; };
		0D9F52072A373F5C009BDEC1 /* Learning2UITests.swift in Sources */ = {isa = PBXBuildFile; fileRef = 0D9F52062A373F5C009BDEC1 /* Learning2UITests.swift */; };
		0D9F52112A373F5C009BDEC1 /* Learning2UITests.swift in Sources */ = {isa = PBXBuildFile; fileRef = 0D9F52102A373F5C009BDEC1 /* Learning2UITests.swift */; };
		0D9F52132A373F5C009BDEC1 /* Learning2UITestsLaunchTests.swift in Sources */ = {isa = PBXBuildFile; fileRef = 0D9F52122A373F5C009BDEC1 /* Learning2UITestsLaunchTests.swift */; };
		0D9F52202A373FB9009BDEC1 /* KatHirView.swift in Sources */ = {isa = PBXBuildFile; fileRef = 0D9F521F2A373FB9009BDEC1 /* KatHirView.swift */; };
		0D9F52222A374AAA009BDEC1 /* ColourExtension.swift in Sources */ = {isa = PBXBuildFile; fileRef = 0D9F52212A374AAA009BDEC1 /* ColourExtension.swift */; };
		0D9F52242A374BD9009BDEC1 /* Info.swift in Sources */ = {isa = PBXBuildFile; fileRef = 0D9F52232A374BD9009BDEC1 /* Info.swift */; };
		0D9F52282A374D7B009BDEC1 /* BackgroundView.swift in Sources */ = {isa = PBXBuildFile; fileRef = 0D9F52272A374D7B009BDEC1 /* BackgroundView.swift */; };
		0D9F522A2A376075009BDEC1 /* Button.swift in Sources */ = {isa = PBXBuildFile; fileRef = 0D9F52292A376075009BDEC1 /* Button.swift */; };
		0D9F522C2A376E7B009BDEC1 /* LevelsView.swift in Sources */ = {isa = PBXBuildFile; fileRef = 0D9F522B2A376E7B009BDEC1 /* LevelsView.swift */; };
		0D9F522E2A37C1F5009BDEC1 /* QuestionView.swift in Sources */ = {isa = PBXBuildFile; fileRef = 0D9F522D2A37C1F5009BDEC1 /* QuestionView.swift */; };
		0DAD25922A58825600B9D805 /* SaveView.swift in Sources */ = {isa = PBXBuildFile; fileRef = 0DAD25912A58825600B9D805 /* SaveView.swift */; };
		0DAD25942A58BCC400B9D805 /* SwiftUIView.swift in Sources */ = {isa = PBXBuildFile; fileRef = 0DAD25932A58BCC400B9D805 /* SwiftUIView.swift */; };
		0DE16B152AC1A1000041E16A /* 1024.png in Resources */ = {isa = PBXBuildFile; fileRef = 0DE16B092AC1A1000041E16A /* 1024.png */; };
		0DE16B162AC1A1000041E16A /* 60.png in Resources */ = {isa = PBXBuildFile; fileRef = 0DE16B0A2AC1A1000041E16A /* 60.png */; };
		0DE16B172AC1A1000041E16A /* 58.png in Resources */ = {isa = PBXBuildFile; fileRef = 0DE16B0B2AC1A1000041E16A /* 58.png */; };
		0DE16B182AC1A1000041E16A /* 29.png in Resources */ = {isa = PBXBuildFile; fileRef = 0DE16B0C2AC1A1000041E16A /* 29.png */; };
		0DE16B192AC1A1000041E16A /* 114.png in Resources */ = {isa = PBXBuildFile; fileRef = 0DE16B0D2AC1A1000041E16A /* 114.png */; };
		0DE16B1A2AC1A1000041E16A /* 120.png in Resources */ = {isa = PBXBuildFile; fileRef = 0DE16B0E2AC1A1000041E16A /* 120.png */; };
		0DE16B1B2AC1A1000041E16A /* Contents.json in Resources */ = {isa = PBXBuildFile; fileRef = 0DE16B0F2AC1A1000041E16A /* Contents.json */; };
		0DE16B1C2AC1A1000041E16A /* 180.png in Resources */ = {isa = PBXBuildFile; fileRef = 0DE16B102AC1A1000041E16A /* 180.png */; };
		0DE16B1D2AC1A1000041E16A /* 57.png in Resources */ = {isa = PBXBuildFile; fileRef = 0DE16B112AC1A1000041E16A /* 57.png */; };
		0DE16B1E2AC1A1000041E16A /* 80.png in Resources */ = {isa = PBXBuildFile; fileRef = 0DE16B122AC1A1000041E16A /* 80.png */; };
		0DE16B1F2AC1A1000041E16A /* 40.png in Resources */ = {isa = PBXBuildFile; fileRef = 0DE16B132AC1A1000041E16A /* 40.png */; };
		0DE16B202AC1A1000041E16A /* 87.png in Resources */ = {isa = PBXBuildFile; fileRef = 0DE16B142AC1A1000041E16A /* 87.png */; };
/* End PBXBuildFile section */

/* Begin PBXContainerItemProxy section */
		0D9F52032A373F5C009BDEC1 /* PBXContainerItemProxy */ = {
			isa = PBXContainerItemProxy;
			containerPortal = 0D9F51E92A373F58009BDEC1 /* Project object */;
			proxyType = 1;
			remoteGlobalIDString = 0D9F51F02A373F58009BDEC1;
			remoteInfo = Learning2;
		};
		0D9F520D2A373F5C009BDEC1 /* PBXContainerItemProxy */ = {
			isa = PBXContainerItemProxy;
			containerPortal = 0D9F51E92A373F58009BDEC1 /* Project object */;
			proxyType = 1;
			remoteGlobalIDString = 0D9F51F02A373F58009BDEC1;
			remoteInfo = Learning2;
		};
/* End PBXContainerItemProxy section */

/* Begin PBXFileReference section */
		0D006C342A38FE6C007E6647 /* GetLevels.swift */ = {isa = PBXFileReference; lastKnownFileType = sourcecode.swift; path = GetLevels.swift; sourceTree = "<group>"; };
		0D31144B2A56EB18005C34CF /* LevelsViewTest.swift */ = {isa = PBXFileReference; lastKnownFileType = sourcecode.swift; path = LevelsViewTest.swift; sourceTree = "<group>"; };
		0D31144E2A56FC63005C34CF /* incorrect.mp3 */ = {isa = PBXFileReference; lastKnownFileType = audio.mp3; path = incorrect.mp3; sourceTree = "<group>"; };
		0D31144F2A56FC64005C34CF /* cho.mp3 */ = {isa = PBXFileReference; lastKnownFileType = audio.mp3; path = cho.mp3; sourceTree = "<group>"; };
		0D3114502A56FC64005C34CF /* wa.mp3 */ = {isa = PBXFileReference; lastKnownFileType = audio.mp3; path = wa.mp3; sourceTree = "<group>"; };
		0D3114512A56FC64005C34CF /* mo.mp3 */ = {isa = PBXFileReference; lastKnownFileType = audio.mp3; path = mo.mp3; sourceTree = "<group>"; };
		0D3114522A56FC64005C34CF /* a.mp3 */ = {isa = PBXFileReference; lastKnownFileType = audio.mp3; path = a.mp3; sourceTree = "<group>"; };
		0D3114532A56FC64005C34CF /* ba.mp3 */ = {isa = PBXFileReference; lastKnownFileType = audio.mp3; path = ba.mp3; sourceTree = "<group>"; };
		0D3114542A56FC64005C34CF /* nu.mp3 */ = {isa = PBXFileReference; lastKnownFileType = audio.mp3; path = nu.mp3; sourceTree = "<group>"; };
		0D3114552A56FC64005C34CF /* wu.mp3 */ = {isa = PBXFileReference; lastKnownFileType = audio.mp3; path = wu.mp3; sourceTree = "<group>"; };
		0D3114562A56FC64005C34CF /* ze.mp3 */ = {isa = PBXFileReference; lastKnownFileType = audio.mp3; path = ze.mp3; sourceTree = "<group>"; };
		0D3114572A56FC64005C34CF /* u.mp3 */ = {isa = PBXFileReference; lastKnownFileType = audio.mp3; path = u.mp3; sourceTree = "<group>"; };
		0D3114582A56FC64005C34CF /* bu.mp3 */ = {isa = PBXFileReference; lastKnownFileType = audio.mp3; path = bu.mp3; sourceTree = "<group>"; };
		0D3114592A56FC64005C34CF /* na.mp3 */ = {isa = PBXFileReference; lastKnownFileType = audio.mp3; path = na.mp3; sourceTree = "<group>"; };
		0D31145A2A56FC64005C34CF /* hyo.mp3 */ = {isa = PBXFileReference; lastKnownFileType = audio.mp3; path = hyo.mp3; sourceTree = "<group>"; };
		0D31145B2A56FC64005C34CF /* to.mp3 */ = {isa = PBXFileReference; lastKnownFileType = audio.mp3; path = to.mp3; sourceTree = "<group>"; };
		0D31145C2A56FC64005C34CF /* chi.mp3 */ = {isa = PBXFileReference; lastKnownFileType = audio.mp3; path = chi.mp3; sourceTree = "<group>"; };
		0D31145D2A56FC64005C34CF /* ne.mp3 */ = {isa = PBXFileReference; lastKnownFileType = audio.mp3; path = ne.mp3; sourceTree = "<group>"; };
		0D31145E2A56FC64005C34CF /* mi.mp3 */ = {isa = PBXFileReference; lastKnownFileType = audio.mp3; path = mi.mp3; sourceTree = "<group>"; };
		0D31145F2A56FC64005C34CF /* za.mp3 */ = {isa = PBXFileReference; lastKnownFileType = audio.mp3; path = za.mp3; sourceTree = "<group>"; };
		0D3114602A56FC64005C34CF /* bya.mp3 */ = {isa = PBXFileReference; lastKnownFileType = audio.mp3; path = bya.mp3; sourceTree = "<group>"; };
		0D3114612A56FC64005C34CF /* yo.mp3 */ = {isa = PBXFileReference; lastKnownFileType = audio.mp3; path = yo.mp3; sourceTree = "<group>"; };
		0D3114622A56FC64005C34CF /* be.mp3 */ = {isa = PBXFileReference; lastKnownFileType = audio.mp3; path = be.mp3; sourceTree = "<group>"; };
		0D3114632A56FC64005C34CF /* e.mp3 */ = {isa = PBXFileReference; lastKnownFileType = audio.mp3; path = e.mp3; sourceTree = "<group>"; };
		0D3114642A56FC64005C34CF /* nyo.mp3 */ = {isa = PBXFileReference; lastKnownFileType = audio.mp3; path = nyo.mp3; sourceTree = "<group>"; };
		0D3114652A56FC64005C34CF /* byu.mp3 */ = {isa = PBXFileReference; lastKnownFileType = audio.mp3; path = byu.mp3; sourceTree = "<group>"; };
		0D3114662A56FC64005C34CF /* gya.mp3 */ = {isa = PBXFileReference; lastKnownFileType = audio.mp3; path = gya.mp3; sourceTree = "<group>"; };
		0D3114672A56FC64005C34CF /* go.mp3 */ = {isa = PBXFileReference; lastKnownFileType = audio.mp3; path = go.mp3; sourceTree = "<group>"; };
		0D3114682A56FC64005C34CF /* du.mp3 */ = {isa = PBXFileReference; lastKnownFileType = audio.mp3; path = du.mp3; sourceTree = "<group>"; };
		0D3114692A56FC64005C34CF /* ha.mp3 */ = {isa = PBXFileReference; lastKnownFileType = audio.mp3; path = ha.mp3; sourceTree = "<group>"; };
		0D31146A2A56FC64005C34CF /* ji.mp3 */ = {isa = PBXFileReference; lastKnownFileType = audio.mp3; path = ji.mp3; sourceTree = "<group>"; };
		0D31146B2A56FC64005C34CF /* ro.mp3 */ = {isa = PBXFileReference; lastKnownFileType = audio.mp3; path = ro.mp3; sourceTree = "<group>"; };
		0D31146C2A56FC64005C34CF /* click.mp3 */ = {isa = PBXFileReference; lastKnownFileType = audio.mp3; path = click.mp3; sourceTree = "<group>"; };
		0D31146D2A56FC64005C34CF /* ryo.mp3 */ = {isa = PBXFileReference; lastKnownFileType = audio.mp3; path = ryo.mp3; sourceTree = "<group>"; };
		0D31146E2A56FC64005C34CF /* kyo.mp3 */ = {isa = PBXFileReference; lastKnownFileType = audio.mp3; path = kyo.mp3; sourceTree = "<group>"; };
		0D31146F2A56FC64005C34CF /* gyu.mp3 */ = {isa = PBXFileReference; lastKnownFileType = audio.mp3; path = gyu.mp3; sourceTree = "<group>"; };
		0D3114702A56FC64005C34CF /* pyo.mp3 */ = {isa = PBXFileReference; lastKnownFileType = audio.mp3; path = pyo.mp3; sourceTree = "<group>"; };
		0D3114712A56FC64005C34CF /* pe.mp3 */ = {isa = PBXFileReference; lastKnownFileType = audio.mp3; path = pe.mp3; sourceTree = "<group>"; };
		0D3114722A56FC64005C34CF /* ko.mp3 */ = {isa = PBXFileReference; lastKnownFileType = audio.mp3; path = ko.mp3; sourceTree = "<group>"; };
		0D3114732A56FC64005C34CF /* da.mp3 */ = {isa = PBXFileReference; lastKnownFileType = audio.mp3; path = da.mp3; sourceTree = "<group>"; };
		0D3114742A56FC64005C34CF /* hu.mp3 */ = {isa = PBXFileReference; lastKnownFileType = audio.mp3; path = hu.mp3; sourceTree = "<group>"; };
		0D3114752A56FC64005C34CF /* sha.mp3 */ = {isa = PBXFileReference; lastKnownFileType = audio.mp3; path = sha.mp3; sourceTree = "<group>"; };
		0D3114762A56FC64005C34CF /* de.mp3 */ = {isa = PBXFileReference; lastKnownFileType = audio.mp3; path = de.mp3; sourceTree = "<group>"; };
		0D3114772A56FC64005C34CF /* gi.mp3 */ = {isa = PBXFileReference; lastKnownFileType = audio.mp3; path = gi.mp3; sourceTree = "<group>"; };
		0D3114782A56FC64005C34CF /* jo.mp3 */ = {isa = PBXFileReference; lastKnownFileType = audio.mp3; path = jo.mp3; sourceTree = "<group>"; };
		0D3114792A56FC64005C34CF /* ri.mp3 */ = {isa = PBXFileReference; lastKnownFileType = audio.mp3; path = ri.mp3; sourceTree = "<group>"; };
		0D31147A2A56FC64005C34CF /* pa.mp3 */ = {isa = PBXFileReference; lastKnownFileType = audio.mp3; path = pa.mp3; sourceTree = "<group>"; };
		0D31147B2A56FC64005C34CF /* so.mp3 */ = {isa = PBXFileReference; lastKnownFileType = audio.mp3; path = so.mp3; sourceTree = "<group>"; };
		0D31147C2A56FC64005C34CF /* shu.mp3 */ = {isa = PBXFileReference; lastKnownFileType = audio.mp3; path = shu.mp3; sourceTree = "<group>"; };
		0D31147D2A56FC64005C34CF /* he.mp3 */ = {isa = PBXFileReference; lastKnownFileType = audio.mp3; path = he.mp3; sourceTree = "<group>"; };
		0D31147E2A56FC64005C34CF /* myo.mp3 */ = {isa = PBXFileReference; lastKnownFileType = audio.mp3; path = myo.mp3; sourceTree = "<group>"; };
		0D31147F2A56FC64005C34CF /* ki.mp3 */ = {isa = PBXFileReference; lastKnownFileType = audio.mp3; path = ki.mp3; sourceTree = "<group>"; };
		0D3114802A56FC64005C34CF /* pu.mp3 */ = {isa = PBXFileReference; lastKnownFileType = audio.mp3; path = pu.mp3; sourceTree = "<group>"; };
		0D3114812A56FC64005C34CF /* down.mp3 */ = {isa = PBXFileReference; lastKnownFileType = audio.mp3; path = down.mp3; sourceTree = "<group>"; };
		0D3114822A56FC64005C34CF /* po.mp3 */ = {isa = PBXFileReference; lastKnownFileType = audio.mp3; path = po.mp3; sourceTree = "<group>"; };
		0D3114832A56FC64005C34CF /* hi.mp3 */ = {isa = PBXFileReference; lastKnownFileType = audio.mp3; path = hi.mp3; sourceTree = "<group>"; };
		0D3114842A56FC64005C34CF /* ja.mp3 */ = {isa = PBXFileReference; lastKnownFileType = audio.mp3; path = ja.mp3; sourceTree = "<group>"; };
		0D3114852A56FC64005C34CF /* ke.mp3 */ = {isa = PBXFileReference; lastKnownFileType = audio.mp3; path = ke.mp3; sourceTree = "<group>"; };
		0D3114862A56FC64005C34CF /* myu.mp3 */ = {isa = PBXFileReference; lastKnownFileType = audio.mp3; path = myu.mp3; sourceTree = "<group>"; };
		0D3114882A56FC64005C34CF /* su.mp3 */ = {isa = PBXFileReference; lastKnownFileType = audio.mp3; path = su.mp3; sourceTree = "<group>"; };
		0D3114892A56FC64005C34CF /* sho.mp3 */ = {isa = PBXFileReference; lastKnownFileType = audio.mp3; path = sho.mp3; sourceTree = "<group>"; };
		0D31148A2A56FC64005C34CF /* ju.mp3 */ = {isa = PBXFileReference; lastKnownFileType = audio.mp3; path = ju.mp3; sourceTree = "<group>"; };
		0D31148B2A56FC64005C34CF /* di.mp3 */ = {isa = PBXFileReference; lastKnownFileType = audio.mp3; path = di.mp3; sourceTree = "<group>"; };
		0D31148C2A56FC64005C34CF /* ge.mp3 */ = {isa = PBXFileReference; lastKnownFileType = audio.mp3; path = ge.mp3; sourceTree = "<group>"; };
		0D31148D2A56FC64005C34CF /* mya.mp3 */ = {isa = PBXFileReference; lastKnownFileType = audio.mp3; path = mya.mp3; sourceTree = "<group>"; };
		0D31148E2A56FC64005C34CF /* re.mp3 */ = {isa = PBXFileReference; lastKnownFileType = audio.mp3; path = re.mp3; sourceTree = "<group>"; };
		0D31148F2A56FC64005C34CF /* sa.mp3 */ = {isa = PBXFileReference; lastKnownFileType = audio.mp3; path = sa.mp3; sourceTree = "<group>"; };
		0D3114902A56FC64005C34CF /* rya.mp3 */ = {isa = PBXFileReference; lastKnownFileType = audio.mp3; path = rya.mp3; sourceTree = "<group>"; };
		0D3114912A56FC64005C34CF /* swipe.mp3 */ = {isa = PBXFileReference; lastKnownFileType = audio.mp3; path = swipe.mp3; sourceTree = "<group>"; };
		0D3114922A56FC64005C34CF /* se.mp3 */ = {isa = PBXFileReference; lastKnownFileType = audio.mp3; path = se.mp3; sourceTree = "<group>"; };
		0D3114932A56FC64005C34CF /* ra.mp3 */ = {isa = PBXFileReference; lastKnownFileType = audio.mp3; path = ra.mp3; sourceTree = "<group>"; };
		0D3114942A56FC64005C34CF /* pi.mp3 */ = {isa = PBXFileReference; lastKnownFileType = audio.mp3; path = pi.mp3; sourceTree = "<group>"; };
		0D3114952A56FC64005C34CF /* ho.mp3 */ = {isa = PBXFileReference; lastKnownFileType = audio.mp3; path = ho.mp3; sourceTree = "<group>"; };
		0D3114962A56FC64005C34CF /* ga.mp3 */ = {isa = PBXFileReference; lastKnownFileType = audio.mp3; path = ga.mp3; sourceTree = "<group>"; };
		0D3114972A56FC64005C34CF /* ku.mp3 */ = {isa = PBXFileReference; lastKnownFileType = audio.mp3; path = ku.mp3; sourceTree = "<group>"; };
		0D3114982A56FC64005C34CF /* shi.mp3 */ = {isa = PBXFileReference; lastKnownFileType = audio.mp3; path = shi.mp3; sourceTree = "<group>"; };
		0D3114992A56FC64005C34CF /* pyu.mp3 */ = {isa = PBXFileReference; lastKnownFileType = audio.mp3; path = pyu.mp3; sourceTree = "<group>"; };
		0D31149A2A56FC64005C34CF /* gyo.mp3 */ = {isa = PBXFileReference; lastKnownFileType = audio.mp3; path = gyo.mp3; sourceTree = "<group>"; };
		0D31149B2A56FC64005C34CF /* kyu.mp3 */ = {isa = PBXFileReference; lastKnownFileType = audio.mp3; path = kyu.mp3; sourceTree = "<group>"; };
		0D31149C2A56FC64005C34CF /* ryu.mp3 */ = {isa = PBXFileReference; lastKnownFileType = audio.mp3; path = ryu.mp3; sourceTree = "<group>"; };
		0D31149D2A56FC64005C34CF /* ru.mp3 */ = {isa = PBXFileReference; lastKnownFileType = audio.mp3; path = ru.mp3; sourceTree = "<group>"; };
		0D31149E2A56FC64005C34CF /* do.mp3 */ = {isa = PBXFileReference; lastKnownFileType = audio.mp3; path = do.mp3; sourceTree = "<group>"; };
		0D31149F2A56FC64005C34CF /* gu.mp3 */ = {isa = PBXFileReference; lastKnownFileType = audio.mp3; path = gu.mp3; sourceTree = "<group>"; };
		0D3114A02A56FC64005C34CF /* ka.mp3 */ = {isa = PBXFileReference; lastKnownFileType = audio.mp3; path = ka.mp3; sourceTree = "<group>"; };
		0D3114A12A56FC64005C34CF /* pya.mp3 */ = {isa = PBXFileReference; lastKnownFileType = audio.mp3; path = pya.mp3; sourceTree = "<group>"; };
		0D3114A22A56FC64005C34CF /* kya.mp3 */ = {isa = PBXFileReference; lastKnownFileType = audio.mp3; path = kya.mp3; sourceTree = "<group>"; };
		0D3114A32A56FC64005C34CF /* byo.mp3 */ = {isa = PBXFileReference; lastKnownFileType = audio.mp3; path = byo.mp3; sourceTree = "<group>"; };
		0D3114A42A56FC64005C34CF /* nyu.mp3 */ = {isa = PBXFileReference; lastKnownFileType = audio.mp3; path = nyu.mp3; sourceTree = "<group>"; };
		0D3114A52A56FC64005C34CF /* zo.mp3 */ = {isa = PBXFileReference; lastKnownFileType = audio.mp3; path = zo.mp3; sourceTree = "<group>"; };
		0D3114A62A56FC64005C34CF /* bi.mp3 */ = {isa = PBXFileReference; lastKnownFileType = audio.mp3; path = bi.mp3; sourceTree = "<group>"; };
		0D3114A72A56FC64005C34CF /* i.mp3 */ = {isa = PBXFileReference; lastKnownFileType = audio.mp3; path = i.mp3; sourceTree = "<group>"; };
		0D3114A82A56FC64005C34CF /* yu.mp3 */ = {isa = PBXFileReference; lastKnownFileType = audio.mp3; path = yu.mp3; sourceTree = "<group>"; };
		0D3114A92A56FC64005C34CF /* te.mp3 */ = {isa = PBXFileReference; lastKnownFileType = audio.mp3; path = te.mp3; sourceTree = "<group>"; };
		0D3114AA2A56FC64005C34CF /* nya.mp3 */ = {isa = PBXFileReference; lastKnownFileType = audio.mp3; path = nya.mp3; sourceTree = "<group>"; };
		0D3114AB2A56FC64005C34CF /* ni.mp3 */ = {isa = PBXFileReference; lastKnownFileType = audio.mp3; path = ni.mp3; sourceTree = "<group>"; };
		0D3114AC2A56FC64005C34CF /* tsu.mp3 */ = {isa = PBXFileReference; lastKnownFileType = audio.mp3; path = tsu.mp3; sourceTree = "<group>"; };
		0D3114AD2A56FC64005C34CF /* me.mp3 */ = {isa = PBXFileReference; lastKnownFileType = audio.mp3; path = me.mp3; sourceTree = "<group>"; };
		0D3114AE2A56FC64005C34CF /* ya.mp3 */ = {isa = PBXFileReference; lastKnownFileType = audio.mp3; path = ya.mp3; sourceTree = "<group>"; };
		0D3114AF2A56FC64005C34CF /* correct.mp3 */ = {isa = PBXFileReference; lastKnownFileType = audio.mp3; path = correct.mp3; sourceTree = "<group>"; };
		0D3114B02A56FC64005C34CF /* hyu.mp3 */ = {isa = PBXFileReference; lastKnownFileType = audio.mp3; path = hyu.mp3; sourceTree = "<group>"; };
		0D3114B12A56FC64005C34CF /* bo.mp3 */ = {isa = PBXFileReference; lastKnownFileType = audio.mp3; path = bo.mp3; sourceTree = "<group>"; };
		0D3114B22A56FC64005C34CF /* dzu.mp3 */ = {isa = PBXFileReference; lastKnownFileType = audio.mp3; path = dzu.mp3; sourceTree = "<group>"; };
		0D3114B32A56FC64005C34CF /* o.mp3 */ = {isa = PBXFileReference; lastKnownFileType = audio.mp3; path = o.mp3; sourceTree = "<group>"; };
		0D3114B42A56FC64005C34CF /* ma.mp3 */ = {isa = PBXFileReference; lastKnownFileType = audio.mp3; path = ma.mp3; sourceTree = "<group>"; };
		0D3114B52A56FC64005C34CF /* wo.mp3 */ = {isa = PBXFileReference; lastKnownFileType = audio.mp3; path = wo.mp3; sourceTree = "<group>"; };
		0D3114B62A56FC64005C34CF /* cha.mp3 */ = {isa = PBXFileReference; lastKnownFileType = audio.mp3; path = cha.mp3; sourceTree = "<group>"; };
		0D3114B72A56FC64005C34CF /* ta.mp3 */ = {isa = PBXFileReference; lastKnownFileType = audio.mp3; path = ta.mp3; sourceTree = "<group>"; };
		0D3114B82A56FC64005C34CF /* hya.mp3 */ = {isa = PBXFileReference; lastKnownFileType = audio.mp3; path = hya.mp3; sourceTree = "<group>"; };
		0D3114B92A56FC64005C34CF /* no.mp3 */ = {isa = PBXFileReference; lastKnownFileType = audio.mp3; path = no.mp3; sourceTree = "<group>"; };
		0D3114BA2A56FC64005C34CF /* mu.mp3 */ = {isa = PBXFileReference; lastKnownFileType = audio.mp3; path = mu.mp3; sourceTree = "<group>"; };
		0D3114BB2A56FC64005C34CF /* chu.mp3 */ = {isa = PBXFileReference; lastKnownFileType = audio.mp3; path = chu.mp3; sourceTree = "<group>"; };
		0D31152A2A56FCED005C34CF /* Info.plist */ = {isa = PBXFileReference; lastKnownFileType = text.plist; path = Info.plist; sourceTree = "<group>"; };
		0D6DEEDB2A569D9400AF5E27 /* AudioPlayer.swift */ = {isa = PBXFileReference; lastKnownFileType = sourcecode.swift; path = AudioPlayer.swift; sourceTree = "<group>"; };
		0D7C4D6E2A424BE0008FC640 /* LearnView.swift */ = {isa = PBXFileReference; lastKnownFileType = sourcecode.swift; path = LearnView.swift; sourceTree = "<group>"; };
		0D9F51F12A373F58009BDEC1 /* Learning2.app */ = {isa = PBXFileReference; explicitFileType = wrapper.application; includeInIndex = 0; path = Learning2.app; sourceTree = BUILT_PRODUCTS_DIR; };
		0D9F51F42A373F58009BDEC1 /* Learning2App.swift */ = {isa = PBXFileReference; lastKnownFileType = sourcecode.swift; path = Learning2App.swift; sourceTree = "<group>"; };
		0D9F51F82A373F5B009BDEC1 /* Assets.xcassets */ = {isa = PBXFileReference; lastKnownFileType = folder.assetcatalog; path = Assets.xcassets; sourceTree = "<group>"; };
		0D9F51FA2A373F5B009BDEC1 /* Learning2.entitlements */ = {isa = PBXFileReference; lastKnownFileType = text.plist.entitlements; path = Learning2.entitlements; sourceTree = "<group>"; };
		0D9F51FC2A373F5B009BDEC1 /* Preview Assets.xcassets */ = {isa = PBXFileReference; lastKnownFileType = folder.assetcatalog; path = "Preview Assets.xcassets"; sourceTree = "<group>"; };
		0D9F52022A373F5C009BDEC1 /* Learning2Tests.xctest */ = {isa = PBXFileReference; explicitFileType = wrapper.cfbundle; includeInIndex = 0; path = Learning2Tests.xctest; sourceTree = BUILT_PRODUCTS_DIR; };
		0D9F52062A373F5C009BDEC1 /* Learning2UITests.swift */ = {isa = PBXFileReference; lastKnownFileType = sourcecode.swift; path = Learning2UITests.swift; sourceTree = "<group>"; };
		0D9F520C2A373F5C009BDEC1 /* Learning2UITests.xctest */ = {isa = PBXFileReference; explicitFileType = wrapper.cfbundle; includeInIndex = 0; path = Learning2UITests.xctest; sourceTree = BUILT_PRODUCTS_DIR; };
		0D9F52102A373F5C009BDEC1 /* Learning2UITests.swift */ = {isa = PBXFileReference; lastKnownFileType = sourcecode.swift; path = Learning2UITests.swift; sourceTree = "<group>"; };
		0D9F52122A373F5C009BDEC1 /* Learning2UITestsLaunchTests.swift */ = {isa = PBXFileReference; lastKnownFileType = sourcecode.swift; path = Learning2UITestsLaunchTests.swift; sourceTree = "<group>"; };
		0D9F521F2A373FB9009BDEC1 /* KatHirView.swift */ = {isa = PBXFileReference; lastKnownFileType = sourcecode.swift; path = KatHirView.swift; sourceTree = "<group>"; };
		0D9F52212A374AAA009BDEC1 /* ColourExtension.swift */ = {isa = PBXFileReference; lastKnownFileType = sourcecode.swift; path = ColourExtension.swift; sourceTree = "<group>"; };
		0D9F52232A374BD9009BDEC1 /* Info.swift */ = {isa = PBXFileReference; lastKnownFileType = sourcecode.swift; path = Info.swift; sourceTree = "<group>"; };
		0D9F52272A374D7B009BDEC1 /* BackgroundView.swift */ = {isa = PBXFileReference; lastKnownFileType = sourcecode.swift; path = BackgroundView.swift; sourceTree = "<group>"; };
		0D9F52292A376075009BDEC1 /* Button.swift */ = {isa = PBXFileReference; lastKnownFileType = sourcecode.swift; path = Button.swift; sourceTree = "<group>"; };
		0D9F522B2A376E7B009BDEC1 /* LevelsView.swift */ = {isa = PBXFileReference; lastKnownFileType = sourcecode.swift; path = LevelsView.swift; sourceTree = "<group>"; };
		0D9F522D2A37C1F5009BDEC1 /* QuestionView.swift */ = {isa = PBXFileReference; lastKnownFileType = sourcecode.swift; path = QuestionView.swift; sourceTree = "<group>"; };
		0DAD25912A58825600B9D805 /* SaveView.swift */ = {isa = PBXFileReference; lastKnownFileType = sourcecode.swift; path = SaveView.swift; sourceTree = "<group>"; };
		0DAD25932A58BCC400B9D805 /* SwiftUIView.swift */ = {isa = PBXFileReference; lastKnownFileType = sourcecode.swift; path = SwiftUIView.swift; sourceTree = "<group>"; };
		0DE16B092AC1A1000041E16A /* 1024.png */ = {isa = PBXFileReference; lastKnownFileType = image.png; path = 1024.png; sourceTree = "<group>"; };
		0DE16B0A2AC1A1000041E16A /* 60.png */ = {isa = PBXFileReference; lastKnownFileType = image.png; path = 60.png; sourceTree = "<group>"; };
		0DE16B0B2AC1A1000041E16A /* 58.png */ = {isa = PBXFileReference; lastKnownFileType = image.png; path = 58.png; sourceTree = "<group>"; };
		0DE16B0C2AC1A1000041E16A /* 29.png */ = {isa = PBXFileReference; lastKnownFileType = image.png; path = 29.png; sourceTree = "<group>"; };
		0DE16B0D2AC1A1000041E16A /* 114.png */ = {isa = PBXFileReference; lastKnownFileType = image.png; path = 114.png; sourceTree = "<group>"; };
		0DE16B0E2AC1A1000041E16A /* 120.png */ = {isa = PBXFileReference; lastKnownFileType = image.png; path = 120.png; sourceTree = "<group>"; };
		0DE16B0F2AC1A1000041E16A /* Contents.json */ = {isa = PBXFileReference; fileEncoding = 4; lastKnownFileType = text.json; path = Contents.json; sourceTree = "<group>"; };
		0DE16B102AC1A1000041E16A /* 180.png */ = {isa = PBXFileReference; lastKnownFileType = image.png; path = 180.png; sourceTree = "<group>"; };
		0DE16B112AC1A1000041E16A /* 57.png */ = {isa = PBXFileReference; lastKnownFileType = image.png; path = 57.png; sourceTree = "<group>"; };
		0DE16B122AC1A1000041E16A /* 80.png */ = {isa = PBXFileReference; lastKnownFileType = image.png; path = 80.png; sourceTree = "<group>"; };
		0DE16B132AC1A1000041E16A /* 40.png */ = {isa = PBXFileReference; lastKnownFileType = image.png; path = 40.png; sourceTree = "<group>"; };
		0DE16B142AC1A1000041E16A /* 87.png */ = {isa = PBXFileReference; lastKnownFileType = image.png; path = 87.png; sourceTree = "<group>"; };
/* End PBXFileReference section */

/* Begin PBXFrameworksBuildPhase section */
		0D9F51EE2A373F58009BDEC1 /* Frameworks */ = {
			isa = PBXFrameworksBuildPhase;
			buildActionMask = 2147483647;
			files = (
			);
			runOnlyForDeploymentPostprocessing = 0;
		};
		0D9F51FF2A373F5C009BDEC1 /* Frameworks */ = {
			isa = PBXFrameworksBuildPhase;
			buildActionMask = 2147483647;
			files = (
			);
			runOnlyForDeploymentPostprocessing = 0;
		};
		0D9F52092A373F5C009BDEC1 /* Frameworks */ = {
			isa = PBXFrameworksBuildPhase;
			buildActionMask = 2147483647;
			files = (
			);
			runOnlyForDeploymentPostprocessing = 0;
		};
/* End PBXFrameworksBuildPhase section */

/* Begin PBXGroup section */
		0D31144D2A56FC63005C34CF /* Audio */ = {
			isa = PBXGroup;
			children = (
				0D31144E2A56FC63005C34CF /* incorrect.mp3 */,
				0D31144F2A56FC64005C34CF /* cho.mp3 */,
				0D3114502A56FC64005C34CF /* wa.mp3 */,
				0D3114512A56FC64005C34CF /* mo.mp3 */,
				0D3114522A56FC64005C34CF /* a.mp3 */,
				0D3114532A56FC64005C34CF /* ba.mp3 */,
				0D3114542A56FC64005C34CF /* nu.mp3 */,
				0D3114552A56FC64005C34CF /* wu.mp3 */,
				0D3114562A56FC64005C34CF /* ze.mp3 */,
				0D3114572A56FC64005C34CF /* u.mp3 */,
				0D3114582A56FC64005C34CF /* bu.mp3 */,
				0D3114592A56FC64005C34CF /* na.mp3 */,
				0D31145A2A56FC64005C34CF /* hyo.mp3 */,
				0D31145B2A56FC64005C34CF /* to.mp3 */,
				0D31145C2A56FC64005C34CF /* chi.mp3 */,
				0D31145D2A56FC64005C34CF /* ne.mp3 */,
				0D31145E2A56FC64005C34CF /* mi.mp3 */,
				0D31145F2A56FC64005C34CF /* za.mp3 */,
				0D3114602A56FC64005C34CF /* bya.mp3 */,
				0D3114612A56FC64005C34CF /* yo.mp3 */,
				0D3114622A56FC64005C34CF /* be.mp3 */,
				0D3114632A56FC64005C34CF /* e.mp3 */,
				0D3114642A56FC64005C34CF /* nyo.mp3 */,
				0D3114652A56FC64005C34CF /* byu.mp3 */,
				0D3114662A56FC64005C34CF /* gya.mp3 */,
				0D3114672A56FC64005C34CF /* go.mp3 */,
				0D3114682A56FC64005C34CF /* du.mp3 */,
				0D3114692A56FC64005C34CF /* ha.mp3 */,
				0D31146A2A56FC64005C34CF /* ji.mp3 */,
				0D31146B2A56FC64005C34CF /* ro.mp3 */,
				0D31146C2A56FC64005C34CF /* click.mp3 */,
				0D31146D2A56FC64005C34CF /* ryo.mp3 */,
				0D31146E2A56FC64005C34CF /* kyo.mp3 */,
				0D31146F2A56FC64005C34CF /* gyu.mp3 */,
				0D3114702A56FC64005C34CF /* pyo.mp3 */,
				0D3114712A56FC64005C34CF /* pe.mp3 */,
				0D3114722A56FC64005C34CF /* ko.mp3 */,
				0D3114732A56FC64005C34CF /* da.mp3 */,
				0D3114742A56FC64005C34CF /* hu.mp3 */,
				0D3114752A56FC64005C34CF /* sha.mp3 */,
				0D3114762A56FC64005C34CF /* de.mp3 */,
				0D3114772A56FC64005C34CF /* gi.mp3 */,
				0D3114782A56FC64005C34CF /* jo.mp3 */,
				0D3114792A56FC64005C34CF /* ri.mp3 */,
				0D31147A2A56FC64005C34CF /* pa.mp3 */,
				0D31147B2A56FC64005C34CF /* so.mp3 */,
				0D31147C2A56FC64005C34CF /* shu.mp3 */,
				0D31147D2A56FC64005C34CF /* he.mp3 */,
				0D31147E2A56FC64005C34CF /* myo.mp3 */,
				0D31147F2A56FC64005C34CF /* ki.mp3 */,
				0D3114802A56FC64005C34CF /* pu.mp3 */,
				0D3114812A56FC64005C34CF /* down.mp3 */,
				0D3114822A56FC64005C34CF /* po.mp3 */,
				0D3114832A56FC64005C34CF /* hi.mp3 */,
				0D3114842A56FC64005C34CF /* ja.mp3 */,
				0D3114852A56FC64005C34CF /* ke.mp3 */,
				0D3114862A56FC64005C34CF /* myu.mp3 */,
				0D3114882A56FC64005C34CF /* su.mp3 */,
				0D3114892A56FC64005C34CF /* sho.mp3 */,
				0D31148A2A56FC64005C34CF /* ju.mp3 */,
				0D31148B2A56FC64005C34CF /* di.mp3 */,
				0D31148C2A56FC64005C34CF /* ge.mp3 */,
				0D31148D2A56FC64005C34CF /* mya.mp3 */,
				0D31148E2A56FC64005C34CF /* re.mp3 */,
				0D31148F2A56FC64005C34CF /* sa.mp3 */,
				0D3114902A56FC64005C34CF /* rya.mp3 */,
				0D3114912A56FC64005C34CF /* swipe.mp3 */,
				0D3114922A56FC64005C34CF /* se.mp3 */,
				0D3114932A56FC64005C34CF /* ra.mp3 */,
				0D3114942A56FC64005C34CF /* pi.mp3 */,
				0D3114952A56FC64005C34CF /* ho.mp3 */,
				0D3114962A56FC64005C34CF /* ga.mp3 */,
				0D3114972A56FC64005C34CF /* ku.mp3 */,
				0D3114982A56FC64005C34CF /* shi.mp3 */,
				0D3114992A56FC64005C34CF /* pyu.mp3 */,
				0D31149A2A56FC64005C34CF /* gyo.mp3 */,
				0D31149B2A56FC64005C34CF /* kyu.mp3 */,
				0D31149C2A56FC64005C34CF /* ryu.mp3 */,
				0D31149D2A56FC64005C34CF /* ru.mp3 */,
				0D31149E2A56FC64005C34CF /* do.mp3 */,
				0D31149F2A56FC64005C34CF /* gu.mp3 */,
				0D3114A02A56FC64005C34CF /* ka.mp3 */,
				0D3114A12A56FC64005C34CF /* pya.mp3 */,
				0D3114A22A56FC64005C34CF /* kya.mp3 */,
				0D3114A32A56FC64005C34CF /* byo.mp3 */,
				0D3114A42A56FC64005C34CF /* nyu.mp3 */,
				0D3114A52A56FC64005C34CF /* zo.mp3 */,
				0D3114A62A56FC64005C34CF /* bi.mp3 */,
				0D3114A72A56FC64005C34CF /* i.mp3 */,
				0D3114A82A56FC64005C34CF /* yu.mp3 */,
				0D3114A92A56FC64005C34CF /* te.mp3 */,
				0D3114AA2A56FC64005C34CF /* nya.mp3 */,
				0D3114AB2A56FC64005C34CF /* ni.mp3 */,
				0D3114AC2A56FC64005C34CF /* tsu.mp3 */,
				0D3114AD2A56FC64005C34CF /* me.mp3 */,
				0D3114AE2A56FC64005C34CF /* ya.mp3 */,
				0D3114AF2A56FC64005C34CF /* correct.mp3 */,
				0D3114B02A56FC64005C34CF /* hyu.mp3 */,
				0D3114B12A56FC64005C34CF /* bo.mp3 */,
				0D3114B22A56FC64005C34CF /* dzu.mp3 */,
				0D3114B32A56FC64005C34CF /* o.mp3 */,
				0D3114B42A56FC64005C34CF /* ma.mp3 */,
				0D3114B52A56FC64005C34CF /* wo.mp3 */,
				0D3114B62A56FC64005C34CF /* cha.mp3 */,
				0D3114B72A56FC64005C34CF /* ta.mp3 */,
				0D3114B82A56FC64005C34CF /* hya.mp3 */,
				0D3114B92A56FC64005C34CF /* no.mp3 */,
				0D3114BA2A56FC64005C34CF /* mu.mp3 */,
				0D3114BB2A56FC64005C34CF /* chu.mp3 */,
			);
			path = Audio;
			sourceTree = "<group>";
		};
		0D9F51E82A373F58009BDEC1 = {
			isa = PBXGroup;
			children = (
				0D9F51F32A373F58009BDEC1 /* Learning2 */,
				0D9F52052A373F5C009BDEC1 /* Learning2Tests */,
				0D9F520F2A373F5C009BDEC1 /* Katakana_GuessrUITests */,
				0D9F51F22A373F58009BDEC1 /* Products */,
			);
			sourceTree = "<group>";
		};
		0D9F51F22A373F58009BDEC1 /* Products */ = {
			isa = PBXGroup;
			children = (
				0D9F51F12A373F58009BDEC1 /* Learning2.app */,
				0D9F52022A373F5C009BDEC1 /* Learning2Tests.xctest */,
				0D9F520C2A373F5C009BDEC1 /* Learning2UITests.xctest */,
			);
			name = Products;
			sourceTree = "<group>";
		};
		0D9F51F32A373F58009BDEC1 /* Learning2 */ = {
			isa = PBXGroup;
			children = (
				0D31152A2A56FCED005C34CF /* Info.plist */,
				0D9F51F42A373F58009BDEC1 /* Learning2App.swift */,
				0DAD25912A58825600B9D805 /* SaveView.swift */,
				0DAD25932A58BCC400B9D805 /* SwiftUIView.swift */,
				0D9F521F2A373FB9009BDEC1 /* KatHirView.swift */,
				0D9F522B2A376E7B009BDEC1 /* LevelsView.swift */,
				0D31144B2A56EB18005C34CF /* LevelsViewTest.swift */,
				0D9F522D2A37C1F5009BDEC1 /* QuestionView.swift */,
				0D7C4D6E2A424BE0008FC640 /* LearnView.swift */,
				0D31144D2A56FC63005C34CF /* Audio */,
				0D9F51F82A373F5B009BDEC1 /* Assets.xcassets */,
				0DE16B082AC1A1000041E16A /* AppIcon.appiconset */,
				0D9F51FA2A373F5B009BDEC1 /* Learning2.entitlements */,
				0D9F51FB2A373F5B009BDEC1 /* Preview Content */,
			);
			path = Learning2;
			sourceTree = "<group>";
		};
		0D9F51FB2A373F5B009BDEC1 /* Preview Content */ = {
			isa = PBXGroup;
			children = (
				0D9F51FC2A373F5B009BDEC1 /* Preview Assets.xcassets */,
				0D6DEEDB2A569D9400AF5E27 /* AudioPlayer.swift */,
				0D9F52212A374AAA009BDEC1 /* ColourExtension.swift */,
				0D006C342A38FE6C007E6647 /* GetLevels.swift */,
				0D9F52232A374BD9009BDEC1 /* Info.swift */,
				0D9F52292A376075009BDEC1 /* Button.swift */,
				0D9F52272A374D7B009BDEC1 /* BackgroundView.swift */,
			);
			path = "Preview Content";
			sourceTree = "<group>";
		};
		0D9F52052A373F5C009BDEC1 /* Learning2Tests */ = {
			isa = PBXGroup;
			children = (
				0D9F52062A373F5C009BDEC1 /* Learning2UITests.swift */,
			);
			path = Learning2Tests;
			sourceTree = "<group>";
		};
		0D9F520F2A373F5C009BDEC1 /* Katakana_GuessrUITests */ = {
			isa = PBXGroup;
			children = (
				0D9F52102A373F5C009BDEC1 /* Learning2UITests.swift */,
				0D9F52122A373F5C009BDEC1 /* Learning2UITestsLaunchTests.swift */,
			);
			path = Katakana_GuessrUITests;
			sourceTree = "<group>";
		};
		0DE16B082AC1A1000041E16A /* AppIcon.appiconset */ = {
			isa = PBXGroup;
			children = (
				0DE16B092AC1A1000041E16A /* 1024.png */,
				0DE16B0A2AC1A1000041E16A /* 60.png */,
				0DE16B0B2AC1A1000041E16A /* 58.png */,
				0DE16B0C2AC1A1000041E16A /* 29.png */,
				0DE16B0D2AC1A1000041E16A /* 114.png */,
				0DE16B0E2AC1A1000041E16A /* 120.png */,
				0DE16B0F2AC1A1000041E16A /* Contents.json */,
				0DE16B102AC1A1000041E16A /* 180.png */,
				0DE16B112AC1A1000041E16A /* 57.png */,
				0DE16B122AC1A1000041E16A /* 80.png */,
				0DE16B132AC1A1000041E16A /* 40.png */,
				0DE16B142AC1A1000041E16A /* 87.png */,
			);
			path = AppIcon.appiconset;
			sourceTree = "<group>";
		};
/* End PBXGroup section */

/* Begin PBXNativeTarget section */
		0D9F51F02A373F58009BDEC1 /* Learning2 */ = {
			isa = PBXNativeTarget;
			buildConfigurationList = 0D9F52162A373F5C009BDEC1 /* Build configuration list for PBXNativeTarget "Learning2" */;
			buildPhases = (
				0D9F51ED2A373F58009BDEC1 /* Sources */,
				0D9F51EE2A373F58009BDEC1 /* Frameworks */,
				0D9F51EF2A373F58009BDEC1 /* Resources */,
			);
			buildRules = (
			);
			dependencies = (
			);
			name = Learning2;
			productName = Learning2;
			productReference = 0D9F51F12A373F58009BDEC1 /* Learning2.app */;
			productType = "com.apple.product-type.application";
		};
		0D9F52012A373F5C009BDEC1 /* Learning2Tests */ = {
			isa = PBXNativeTarget;
			buildConfigurationList = 0D9F52192A373F5C009BDEC1 /* Build configuration list for PBXNativeTarget "Learning2Tests" */;
			buildPhases = (
				0D9F51FE2A373F5C009BDEC1 /* Sources */,
				0D9F51FF2A373F5C009BDEC1 /* Frameworks */,
				0D9F52002A373F5C009BDEC1 /* Resources */,
			);
			buildRules = (
			);
			dependencies = (
				0D9F52042A373F5C009BDEC1 /* PBXTargetDependency */,
			);
			name = Learning2Tests;
			productName = Learning2Tests;
			productReference = 0D9F52022A373F5C009BDEC1 /* Learning2Tests.xctest */;
			productType = "com.apple.product-type.bundle.unit-test";
		};
		0D9F520B2A373F5C009BDEC1 /* Learning2UITests */ = {
			isa = PBXNativeTarget;
			buildConfigurationList = 0D9F521C2A373F5C009BDEC1 /* Build configuration list for PBXNativeTarget "Learning2UITests" */;
			buildPhases = (
				0D9F52082A373F5C009BDEC1 /* Sources */,
				0D9F52092A373F5C009BDEC1 /* Frameworks */,
				0D9F520A2A373F5C009BDEC1 /* Resources */,
			);
			buildRules = (
			);
			dependencies = (
				0D9F520E2A373F5C009BDEC1 /* PBXTargetDependency */,
			);
			name = Learning2UITests;
			productName = Learning2UITests;
			productReference = 0D9F520C2A373F5C009BDEC1 /* Learning2UITests.xctest */;
			productType = "com.apple.product-type.bundle.ui-testing";
		};
/* End PBXNativeTarget section */

/* Begin PBXProject section */
		0D9F51E92A373F58009BDEC1 /* Project object */ = {
			isa = PBXProject;
			attributes = {
				BuildIndependentTargetsInParallel = 1;
				LastSwiftUpdateCheck = 1430;
				LastUpgradeCheck = 1430;
				TargetAttributes = {
					0D9F51F02A373F58009BDEC1 = {
						CreatedOnToolsVersion = 14.3;
					};
					0D9F52012A373F5C009BDEC1 = {
						CreatedOnToolsVersion = 14.3;
						TestTargetID = 0D9F51F02A373F58009BDEC1;
					};
					0D9F520B2A373F5C009BDEC1 = {
						CreatedOnToolsVersion = 14.3;
						TestTargetID = 0D9F51F02A373F58009BDEC1;
					};
				};
			};
			buildConfigurationList = 0D9F51EC2A373F58009BDEC1 /* Build configuration list for PBXProject "Learning2" */;
			compatibilityVersion = "Xcode 14.0";
			developmentRegion = en;
			hasScannedForEncodings = 0;
			knownRegions = (
				en,
				Base,
			);
			mainGroup = 0D9F51E82A373F58009BDEC1;
			productRefGroup = 0D9F51F22A373F58009BDEC1 /* Products */;
			projectDirPath = "";
			projectRoot = "";
			targets = (
				0D9F51F02A373F58009BDEC1 /* Learning2 */,
				0D9F52012A373F5C009BDEC1 /* Learning2Tests */,
				0D9F520B2A373F5C009BDEC1 /* Learning2UITests */,
			);
		};
/* End PBXProject section */

/* Begin PBXResourcesBuildPhase section */
		0D9F51EF2A373F58009BDEC1 /* Resources */ = {
			isa = PBXResourcesBuildPhase;
			buildActionMask = 2147483647;
			files = (
				0D3114FA2A56FC64005C34CF /* ge.mp3 in Resources */,
				0D3114ED2A56FC64005C34CF /* ki.mp3 in Resources */,
				0D3114E02A56FC64005C34CF /* ko.mp3 in Resources */,
				0DE16B1B2AC1A1000041E16A /* Contents.json in Resources */,
				0D3114D42A56FC64005C34CF /* gya.mp3 in Resources */,
				0DE16B1D2AC1A1000041E16A /* 57.png in Resources */,
				0D3114D12A56FC64005C34CF /* e.mp3 in Resources */,
				0D3114C62A56FC64005C34CF /* bu.mp3 in Resources */,
				0D31151E2A56FC64005C34CF /* hyu.mp3 in Resources */,
				0D3114C52A56FC64005C34CF /* u.mp3 in Resources */,
				0D3114FF2A56FC64005C34CF /* swipe.mp3 in Resources */,
				0D3114D22A56FC64005C34CF /* nyo.mp3 in Resources */,
				0D3115212A56FC64005C34CF /* o.mp3 in Resources */,
				0D3114D92A56FC64005C34CF /* ro.mp3 in Resources */,
				0DE16B192AC1A1000041E16A /* 114.png in Resources */,
				0D3114DD2A56FC64005C34CF /* gyu.mp3 in Resources */,
				0D3114DE2A56FC64005C34CF /* pyo.mp3 in Resources */,
				0D3114D72A56FC64005C34CF /* ha.mp3 in Resources */,
				0D3114C32A56FC64005C34CF /* wu.mp3 in Resources */,
				0D3115092A56FC64005C34CF /* kyu.mp3 in Resources */,
				0D31151D2A56FC64005C34CF /* correct.mp3 in Resources */,
				0D3114E72A56FC64005C34CF /* ri.mp3 in Resources */,
				0D3114EC2A56FC64005C34CF /* myo.mp3 in Resources */,
				0D3114C22A56FC64005C34CF /* nu.mp3 in Resources */,
				0D3114DF2A56FC64005C34CF /* pe.mp3 in Resources */,
				0DE16B172AC1A1000041E16A /* 58.png in Resources */,
				0D31151F2A56FC64005C34CF /* bo.mp3 in Resources */,
				0D31151C2A56FC64005C34CF /* ya.mp3 in Resources */,
				0DE16B182AC1A1000041E16A /* 29.png in Resources */,
				0D3114F32A56FC64005C34CF /* ke.mp3 in Resources */,
				0D3115032A56FC64005C34CF /* ho.mp3 in Resources */,
				0D3114FE2A56FC64005C34CF /* rya.mp3 in Resources */,
				0D3114F92A56FC64005C34CF /* di.mp3 in Resources */,
				0D3114BE2A56FC64005C34CF /* wa.mp3 in Resources */,
				0D3114F62A56FC64005C34CF /* su.mp3 in Resources */,
				0D9F51FD2A373F5B009BDEC1 /* Preview Assets.xcassets in Resources */,
				0D3115162A56FC64005C34CF /* yu.mp3 in Resources */,
				0D3115192A56FC64005C34CF /* ni.mp3 in Resources */,
				0D3114E82A56FC64005C34CF /* pa.mp3 in Resources */,
				0DE16B162AC1A1000041E16A /* 60.png in Resources */,
				0DE16B1E2AC1A1000041E16A /* 80.png in Resources */,
				0DE16B202AC1A1000041E16A /* 87.png in Resources */,
				0D3115262A56FC64005C34CF /* hya.mp3 in Resources */,
				0DE16B1A2AC1A1000041E16A /* 120.png in Resources */,
				0D3114E32A56FC64005C34CF /* sha.mp3 in Resources */,
				0D3114EF2A56FC64005C34CF /* down.mp3 in Resources */,
				0D3114D82A56FC64005C34CF /* ji.mp3 in Resources */,
				0D3115112A56FC64005C34CF /* byo.mp3 in Resources */,
				0D3114BF2A56FC64005C34CF /* mo.mp3 in Resources */,
				0D3114E22A56FC64005C34CF /* hu.mp3 in Resources */,
				0D3115052A56FC64005C34CF /* ku.mp3 in Resources */,
				0D3114F42A56FC64005C34CF /* myu.mp3 in Resources */,
				0D3114CB2A56FC64005C34CF /* ne.mp3 in Resources */,
				0D3114C92A56FC64005C34CF /* to.mp3 in Resources */,
				0D3115002A56FC64005C34CF /* se.mp3 in Resources */,
				0D3114FC2A56FC64005C34CF /* re.mp3 in Resources */,
				0D3114E42A56FC64005C34CF /* de.mp3 in Resources */,
				0D3114EE2A56FC64005C34CF /* pu.mp3 in Resources */,
				0D3114C72A56FC64005C34CF /* na.mp3 in Resources */,
				0D3114D62A56FC64005C34CF /* du.mp3 in Resources */,
				0D3115152A56FC64005C34CF /* i.mp3 in Resources */,
				0D31150F2A56FC64005C34CF /* pya.mp3 in Resources */,
				0D3115132A56FC64005C34CF /* zo.mp3 in Resources */,
				0D3115062A56FC64005C34CF /* shi.mp3 in Resources */,
				0D3114FB2A56FC64005C34CF /* mya.mp3 in Resources */,
				0D3114F02A56FC64005C34CF /* po.mp3 in Resources */,
				0D31151B2A56FC64005C34CF /* me.mp3 in Resources */,
				0D3114E52A56FC64005C34CF /* gi.mp3 in Resources */,
				0D3115102A56FC64005C34CF /* kya.mp3 in Resources */,
				0D3115082A56FC64005C34CF /* gyo.mp3 in Resources */,
				0D31150A2A56FC64005C34CF /* ryu.mp3 in Resources */,
				0D3114CF2A56FC64005C34CF /* yo.mp3 in Resources */,
				0D31150E2A56FC64005C34CF /* ka.mp3 in Resources */,
				0D3115272A56FC64005C34CF /* no.mp3 in Resources */,
				0D3115242A56FC64005C34CF /* cha.mp3 in Resources */,
				0DE16B152AC1A1000041E16A /* 1024.png in Resources */,
				0D3115172A56FC64005C34CF /* te.mp3 in Resources */,
				0D3114D52A56FC64005C34CF /* go.mp3 in Resources */,
				0DE16B1F2AC1A1000041E16A /* 40.png in Resources */,
				0D3114D32A56FC64005C34CF /* byu.mp3 in Resources */,
				0D3114EA2A56FC64005C34CF /* shu.mp3 in Resources */,
				0D3114BC2A56FC64005C34CF /* incorrect.mp3 in Resources */,
				0D3115072A56FC64005C34CF /* pyu.mp3 in Resources */,
				0D3114E12A56FC64005C34CF /* da.mp3 in Resources */,
				0D3114C42A56FC64005C34CF /* ze.mp3 in Resources */,
				0D3114F72A56FC64005C34CF /* sho.mp3 in Resources */,
				0D3114CE2A56FC64005C34CF /* bya.mp3 in Resources */,
				0D3115282A56FC64005C34CF /* mu.mp3 in Resources */,
				0D9F51F92A373F5B009BDEC1 /* Assets.xcassets in Resources */,
				0D3115142A56FC64005C34CF /* bi.mp3 in Resources */,
				0D3114DA2A56FC64005C34CF /* click.mp3 in Resources */,
				0D3115042A56FC64005C34CF /* ga.mp3 in Resources */,
				0D3114DC2A56FC64005C34CF /* kyo.mp3 in Resources */,
				0D3115022A56FC64005C34CF /* pi.mp3 in Resources */,
				0D3114E62A56FC64005C34CF /* jo.mp3 in Resources */,
				0D3114E92A56FC64005C34CF /* so.mp3 in Resources */,
				0D3114F12A56FC64005C34CF /* hi.mp3 in Resources */,
				0D31151A2A56FC64005C34CF /* tsu.mp3 in Resources */,
				0D3114BD2A56FC64005C34CF /* cho.mp3 in Resources */,
				0D3115222A56FC64005C34CF /* ma.mp3 in Resources */,
				0D3114CA2A56FC64005C34CF /* chi.mp3 in Resources */,
				0D3114CD2A56FC64005C34CF /* za.mp3 in Resources */,
				0D3115252A56FC64005C34CF /* ta.mp3 in Resources */,
				0D3114C82A56FC64005C34CF /* hyo.mp3 in Resources */,
				0D3115122A56FC64005C34CF /* nyu.mp3 in Resources */,
				0D3114C02A56FC64005C34CF /* a.mp3 in Resources */,
				0D3115012A56FC64005C34CF /* ra.mp3 in Resources */,
				0D3114F82A56FC64005C34CF /* ju.mp3 in Resources */,
				0D3114EB2A56FC64005C34CF /* he.mp3 in Resources */,
				0D3114CC2A56FC64005C34CF /* mi.mp3 in Resources */,
				0D3114C12A56FC64005C34CF /* ba.mp3 in Resources */,
				0D3115292A56FC64005C34CF /* chu.mp3 in Resources */,
				0D3114FD2A56FC64005C34CF /* sa.mp3 in Resources */,
				0D3115202A56FC64005C34CF /* dzu.mp3 in Resources */,
				0D3114D02A56FC64005C34CF /* be.mp3 in Resources */,
				0D3114F22A56FC64005C34CF /* ja.mp3 in Resources */,
				0D31150D2A56FC64005C34CF /* gu.mp3 in Resources */,
				0D3114DB2A56FC64005C34CF /* ryo.mp3 in Resources */,
				0DE16B1C2AC1A1000041E16A /* 180.png in Resources */,
				0D3115232A56FC64005C34CF /* wo.mp3 in Resources */,
				0D3115182A56FC64005C34CF /* nya.mp3 in Resources */,
				0D31150C2A56FC64005C34CF /* do.mp3 in Resources */,
				0D31150B2A56FC64005C34CF /* ru.mp3 in Resources */,
			);
			runOnlyForDeploymentPostprocessing = 0;
		};
		0D9F52002A373F5C009BDEC1 /* Resources */ = {
			isa = PBXResourcesBuildPhase;
			buildActionMask = 2147483647;
			files = (
			);
			runOnlyForDeploymentPostprocessing = 0;
		};
		0D9F520A2A373F5C009BDEC1 /* Resources */ = {
			isa = PBXResourcesBuildPhase;
			buildActionMask = 2147483647;
			files = (
			);
			runOnlyForDeploymentPostprocessing = 0;
		};
/* End PBXResourcesBuildPhase section */

/* Begin PBXSourcesBuildPhase section */
		0D9F51ED2A373F58009BDEC1 /* Sources */ = {
			isa = PBXSourcesBuildPhase;
			buildActionMask = 2147483647;
			files = (
				0D31144C2A56EB18005C34CF /* LevelsViewTest.swift in Sources */,
				0D9F522E2A37C1F5009BDEC1 /* QuestionView.swift in Sources */,
				0D9F52202A373FB9009BDEC1 /* KatHirView.swift in Sources */,
				0D9F52222A374AAA009BDEC1 /* ColourExtension.swift in Sources */,
				0D9F522A2A376075009BDEC1 /* Button.swift in Sources */,
				0D9F522C2A376E7B009BDEC1 /* LevelsView.swift in Sources */,
				0D9F52282A374D7B009BDEC1 /* BackgroundView.swift in Sources */,
				0D9F52242A374BD9009BDEC1 /* Info.swift in Sources */,
				0DAD25942A58BCC400B9D805 /* SwiftUIView.swift in Sources */,
				0D7C4D6F2A424BE0008FC640 /* LearnView.swift in Sources */,
				0D9F51F52A373F58009BDEC1 /* Learning2App.swift in Sources */,
				0DAD25922A58825600B9D805 /* SaveView.swift in Sources */,
				0D006C352A38FE6C007E6647 /* GetLevels.swift in Sources */,
				0D6DEEDC2A569D9400AF5E27 /* AudioPlayer.swift in Sources */,
			);
			runOnlyForDeploymentPostprocessing = 0;
		};
		0D9F51FE2A373F5C009BDEC1 /* Sources */ = {
			isa = PBXSourcesBuildPhase;
			buildActionMask = 2147483647;
			files = (
				0D9F52072A373F5C009BDEC1 /* Learning2UITests.swift in Sources */,
			);
			runOnlyForDeploymentPostprocessing = 0;
		};
		0D9F52082A373F5C009BDEC1 /* Sources */ = {
			isa = PBXSourcesBuildPhase;
			buildActionMask = 2147483647;
			files = (
				0D9F52112A373F5C009BDEC1 /* Learning2UITests.swift in Sources */,
				0D9F52132A373F5C009BDEC1 /* Learning2UITestsLaunchTests.swift in Sources */,
			);
			runOnlyForDeploymentPostprocessing = 0;
		};
/* End PBXSourcesBuildPhase section */

/* Begin PBXTargetDependency section */
		0D9F52042A373F5C009BDEC1 /* PBXTargetDependency */ = {
			isa = PBXTargetDependency;
			target = 0D9F51F02A373F58009BDEC1 /* Learning2 */;
			targetProxy = 0D9F52032A373F5C009BDEC1 /* PBXContainerItemProxy */;
		};
		0D9F520E2A373F5C009BDEC1 /* PBXTargetDependency */ = {
			isa = PBXTargetDependency;
			target = 0D9F51F02A373F58009BDEC1 /* Learning2 */;
			targetProxy = 0D9F520D2A373F5C009BDEC1 /* PBXContainerItemProxy */;
		};
/* End PBXTargetDependency section */

/* Begin XCBuildConfiguration section */
		0D9F52142A373F5C009BDEC1 /* Debug */ = {
			isa = XCBuildConfiguration;
			buildSettings = {
				ALWAYS_SEARCH_USER_PATHS = NO;
				CLANG_ANALYZER_NONNULL = YES;
				CLANG_ANALYZER_NUMBER_OBJECT_CONVERSION = YES_AGGRESSIVE;
				CLANG_CXX_LANGUAGE_STANDARD = "gnu++20";
				CLANG_ENABLE_MODULES = YES;
				CLANG_ENABLE_OBJC_ARC = YES;
				CLANG_ENABLE_OBJC_WEAK = YES;
				CLANG_WARN_BLOCK_CAPTURE_AUTORELEASING = YES;
				CLANG_WARN_BOOL_CONVERSION = YES;
				CLANG_WARN_COMMA = YES;
				CLANG_WARN_CONSTANT_CONVERSION = YES;
				CLANG_WARN_DEPRECATED_OBJC_IMPLEMENTATIONS = YES;
				CLANG_WARN_DIRECT_OBJC_ISA_USAGE = YES_ERROR;
				CLANG_WARN_DOCUMENTATION_COMMENTS = YES;
				CLANG_WARN_EMPTY_BODY = YES;
				CLANG_WARN_ENUM_CONVERSION = YES;
				CLANG_WARN_INFINITE_RECURSION = YES;
				CLANG_WARN_INT_CONVERSION = YES;
				CLANG_WARN_NON_LITERAL_NULL_CONVERSION = YES;
				CLANG_WARN_OBJC_IMPLICIT_RETAIN_SELF = YES;
				CLANG_WARN_OBJC_LITERAL_CONVERSION = YES;
				CLANG_WARN_OBJC_ROOT_CLASS = YES_ERROR;
				CLANG_WARN_QUOTED_INCLUDE_IN_FRAMEWORK_HEADER = YES;
				CLANG_WARN_RANGE_LOOP_ANALYSIS = YES;
				CLANG_WARN_STRICT_PROTOTYPES = YES;
				CLANG_WARN_SUSPICIOUS_MOVE = YES;
				CLANG_WARN_UNGUARDED_AVAILABILITY = YES_AGGRESSIVE;
				CLANG_WARN_UNREACHABLE_CODE = YES;
				CLANG_WARN__DUPLICATE_METHOD_MATCH = YES;
				COPY_PHASE_STRIP = NO;
				DEBUG_INFORMATION_FORMAT = dwarf;
				ENABLE_STRICT_OBJC_MSGSEND = YES;
				ENABLE_TESTABILITY = YES;
				GCC_C_LANGUAGE_STANDARD = gnu11;
				GCC_DYNAMIC_NO_PIC = NO;
				GCC_NO_COMMON_BLOCKS = YES;
				GCC_OPTIMIZATION_LEVEL = 0;
				GCC_PREPROCESSOR_DEFINITIONS = (
					"DEBUG=1",
					"$(inherited)",
				);
				GCC_WARN_64_TO_32_BIT_CONVERSION = YES;
				GCC_WARN_ABOUT_RETURN_TYPE = YES_ERROR;
				GCC_WARN_UNDECLARED_SELECTOR = YES;
				GCC_WARN_UNINITIALIZED_AUTOS = YES_AGGRESSIVE;
				GCC_WARN_UNUSED_FUNCTION = YES;
				GCC_WARN_UNUSED_VARIABLE = YES;
				MTL_ENABLE_DEBUG_INFO = INCLUDE_SOURCE;
				MTL_FAST_MATH = YES;
				ONLY_ACTIVE_ARCH = YES;
				SWIFT_ACTIVE_COMPILATION_CONDITIONS = DEBUG;
				SWIFT_OPTIMIZATION_LEVEL = "-Onone";
			};
			name = Debug;
		};
		0D9F52152A373F5C009BDEC1 /* Release */ = {
			isa = XCBuildConfiguration;
			buildSettings = {
				ALWAYS_SEARCH_USER_PATHS = NO;
				CLANG_ANALYZER_NONNULL = YES;
				CLANG_ANALYZER_NUMBER_OBJECT_CONVERSION = YES_AGGRESSIVE;
				CLANG_CXX_LANGUAGE_STANDARD = "gnu++20";
				CLANG_ENABLE_MODULES = YES;
				CLANG_ENABLE_OBJC_ARC = YES;
				CLANG_ENABLE_OBJC_WEAK = YES;
				CLANG_WARN_BLOCK_CAPTURE_AUTORELEASING = YES;
				CLANG_WARN_BOOL_CONVERSION = YES;
				CLANG_WARN_COMMA = YES;
				CLANG_WARN_CONSTANT_CONVERSION = YES;
				CLANG_WARN_DEPRECATED_OBJC_IMPLEMENTATIONS = YES;
				CLANG_WARN_DIRECT_OBJC_ISA_USAGE = YES_ERROR;
				CLANG_WARN_DOCUMENTATION_COMMENTS = YES;
				CLANG_WARN_EMPTY_BODY = YES;
				CLANG_WARN_ENUM_CONVERSION = YES;
				CLANG_WARN_INFINITE_RECURSION = YES;
				CLANG_WARN_INT_CONVERSION = YES;
				CLANG_WARN_NON_LITERAL_NULL_CONVERSION = YES;
				CLANG_WARN_OBJC_IMPLICIT_RETAIN_SELF = YES;
				CLANG_WARN_OBJC_LITERAL_CONVERSION = YES;
				CLANG_WARN_OBJC_ROOT_CLASS = YES_ERROR;
				CLANG_WARN_QUOTED_INCLUDE_IN_FRAMEWORK_HEADER = YES;
				CLANG_WARN_RANGE_LOOP_ANALYSIS = YES;
				CLANG_WARN_STRICT_PROTOTYPES = YES;
				CLANG_WARN_SUSPICIOUS_MOVE = YES;
				CLANG_WARN_UNGUARDED_AVAILABILITY = YES_AGGRESSIVE;
				CLANG_WARN_UNREACHABLE_CODE = YES;
				CLANG_WARN__DUPLICATE_METHOD_MATCH = YES;
				COPY_PHASE_STRIP = NO;
				DEBUG_INFORMATION_FORMAT = "dwarf-with-dsym";
				ENABLE_NS_ASSERTIONS = NO;
				ENABLE_STRICT_OBJC_MSGSEND = YES;
				GCC_C_LANGUAGE_STANDARD = gnu11;
				GCC_NO_COMMON_BLOCKS = YES;
				GCC_WARN_64_TO_32_BIT_CONVERSION = YES;
				GCC_WARN_ABOUT_RETURN_TYPE = YES_ERROR;
				GCC_WARN_UNDECLARED_SELECTOR = YES;
				GCC_WARN_UNINITIALIZED_AUTOS = YES_AGGRESSIVE;
				GCC_WARN_UNUSED_FUNCTION = YES;
				GCC_WARN_UNUSED_VARIABLE = YES;
				MTL_ENABLE_DEBUG_INFO = NO;
				MTL_FAST_MATH = YES;
				SWIFT_COMPILATION_MODE = wholemodule;
				SWIFT_OPTIMIZATION_LEVEL = "-O";
			};
			name = Release;
		};
		0D9F52172A373F5C009BDEC1 /* Debug */ = {
			isa = XCBuildConfiguration;
			buildSettings = {
				ASSETCATALOG_COMPILER_APPICON_NAME = AppIcon;
				ASSETCATALOG_COMPILER_GLOBAL_ACCENT_COLOR_NAME = AccentColor;
				CODE_SIGN_ENTITLEMENTS = Learning2/Learning2.entitlements;
				CODE_SIGN_STYLE = Automatic;
				CURRENT_PROJECT_VERSION = 1;
				DEVELOPMENT_ASSET_PATHS = "\"Learning2/Preview Content\"";
				DEVELOPMENT_TEAM = 68N5LUXG4G;
				ENABLE_HARDENED_RUNTIME = YES;
				ENABLE_PREVIEWS = YES;
				GENERATE_INFOPLIST_FILE = YES;
				INFOPLIST_FILE = Learning2/Info.plist;
				INFOPLIST_KEY_CFBundleDisplayName = "Kata Guessr";
				"INFOPLIST_KEY_UIApplicationSceneManifest_Generation[sdk=iphoneos*]" = YES;
				"INFOPLIST_KEY_UIApplicationSceneManifest_Generation[sdk=iphonesimulator*]" = YES;
				"INFOPLIST_KEY_UIApplicationSupportsIndirectInputEvents[sdk=iphoneos*]" = YES;
				"INFOPLIST_KEY_UIApplicationSupportsIndirectInputEvents[sdk=iphonesimulator*]" = YES;
				"INFOPLIST_KEY_UILaunchScreen_Generation[sdk=iphoneos*]" = YES;
				"INFOPLIST_KEY_UILaunchScreen_Generation[sdk=iphonesimulator*]" = YES;
				"INFOPLIST_KEY_UIStatusBarStyle[sdk=iphoneos*]" = UIStatusBarStyleDefault;
				"INFOPLIST_KEY_UIStatusBarStyle[sdk=iphonesimulator*]" = UIStatusBarStyleDefault;
				INFOPLIST_KEY_UISupportedInterfaceOrientations_iPad = "UIInterfaceOrientationPortrait UIInterfaceOrientationPortraitUpsideDown UIInterfaceOrientationLandscapeLeft UIInterfaceOrientationLandscapeRight";
				INFOPLIST_KEY_UISupportedInterfaceOrientations_iPhone = "UIInterfaceOrientationPortrait UIInterfaceOrientationLandscapeLeft UIInterfaceOrientationLandscapeRight";
				IPHONEOS_DEPLOYMENT_TARGET = 15.6;
				LD_RUNPATH_SEARCH_PATHS = "@executable_path/Frameworks";
				"LD_RUNPATH_SEARCH_PATHS[sdk=macosx*]" = "@executable_path/../Frameworks";
				MACOSX_DEPLOYMENT_TARGET = 13.3;
				MARKETING_VERSION = 1.0;
				PRODUCT_BUNDLE_IDENTIFIER = emmetapps.Learning2;
				PRODUCT_NAME = "$(TARGET_NAME)";
				SDKROOT = auto;
				SUPPORTED_PLATFORMS = "iphoneos iphonesimulator macosx";
				SWIFT_EMIT_LOC_STRINGS = YES;
				SWIFT_VERSION = 5.0;
				TARGETED_DEVICE_FAMILY = "1,2";
			};
			name = Debug;
		};
		0D9F52182A373F5C009BDEC1 /* Release */ = {
			isa = XCBuildConfiguration;
			buildSettings = {
				ASSETCATALOG_COMPILER_APPICON_NAME = AppIcon;
				ASSETCATALOG_COMPILER_GLOBAL_ACCENT_COLOR_NAME = AccentColor;
				CODE_SIGN_ENTITLEMENTS = Learning2/Learning2.entitlements;
				CODE_SIGN_STYLE = Automatic;
				CURRENT_PROJECT_VERSION = 1;
				DEVELOPMENT_ASSET_PATHS = "\"Learning2/Preview Content\"";
				DEVELOPMENT_TEAM = 68N5LUXG4G;
				ENABLE_HARDENED_RUNTIME = YES;
				ENABLE_PREVIEWS = YES;
				GENERATE_INFOPLIST_FILE = YES;
				INFOPLIST_FILE = Learning2/Info.plist;
				INFOPLIST_KEY_CFBundleDisplayName = "Kata Guessr";
				"INFOPLIST_KEY_UIApplicationSceneManifest_Generation[sdk=iphoneos*]" = YES;
				"INFOPLIST_KEY_UIApplicationSceneManifest_Generation[sdk=iphonesimulator*]" = YES;
				"INFOPLIST_KEY_UIApplicationSupportsIndirectInputEvents[sdk=iphoneos*]" = YES;
				"INFOPLIST_KEY_UIApplicationSupportsIndirectInputEvents[sdk=iphonesimulator*]" = YES;
				"INFOPLIST_KEY_UILaunchScreen_Generation[sdk=iphoneos*]" = YES;
				"INFOPLIST_KEY_UILaunchScreen_Generation[sdk=iphonesimulator*]" = YES;
				"INFOPLIST_KEY_UIStatusBarStyle[sdk=iphoneos*]" = UIStatusBarStyleDefault;
				"INFOPLIST_KEY_UIStatusBarStyle[sdk=iphonesimulator*]" = UIStatusBarStyleDefault;
				INFOPLIST_KEY_UISupportedInterfaceOrientations_iPad = "UIInterfaceOrientationPortrait UIInterfaceOrientationPortraitUpsideDown UIInterfaceOrientationLandscapeLeft UIInterfaceOrientationLandscapeRight";
				INFOPLIST_KEY_UISupportedInterfaceOrientations_iPhone = "UIInterfaceOrientationPortrait UIInterfaceOrientationLandscapeLeft UIInterfaceOrientationLandscapeRight";
				IPHONEOS_DEPLOYMENT_TARGET = 15.6;
				LD_RUNPATH_SEARCH_PATHS = "@executable_path/Frameworks";
				"LD_RUNPATH_SEARCH_PATHS[sdk=macosx*]" = "@executable_path/../Frameworks";
				MACOSX_DEPLOYMENT_TARGET = 13.3;
				MARKETING_VERSION = 1.0;
				PRODUCT_BUNDLE_IDENTIFIER = emmetapps.Learning2;
				PRODUCT_NAME = "$(TARGET_NAME)";
				SDKROOT = auto;
				SUPPORTED_PLATFORMS = "iphoneos iphonesimulator macosx";
				SWIFT_EMIT_LOC_STRINGS = YES;
				SWIFT_VERSION = 5.0;
				TARGETED_DEVICE_FAMILY = "1,2";
			};
			name = Release;
		};
		0D9F521A2A373F5C009BDEC1 /* Debug */ = {
			isa = XCBuildConfiguration;
			buildSettings = {
				ALWAYS_EMBED_SWIFT_STANDARD_LIBRARIES = YES;
				BUNDLE_LOADER = "$(TEST_HOST)";
				CODE_SIGN_STYLE = Automatic;
				CURRENT_PROJECT_VERSION = 1;
				DEVELOPMENT_TEAM = 68N5LUXG4G;
				GENERATE_INFOPLIST_FILE = YES;
				IPHONEOS_DEPLOYMENT_TARGET = 16.4;
				MACOSX_DEPLOYMENT_TARGET = 13.3;
				MARKETING_VERSION = 1.0;
				PRODUCT_BUNDLE_IDENTIFIER = emmetapps.Learning2Tests;
				PRODUCT_NAME = "$(TARGET_NAME)";
				SDKROOT = auto;
				SUPPORTED_PLATFORMS = "iphoneos iphonesimulator macosx";
				SWIFT_EMIT_LOC_STRINGS = NO;
				SWIFT_VERSION = 5.0;
				TARGETED_DEVICE_FAMILY = "1,2";
				TEST_HOST = "$(BUILT_PRODUCTS_DIR)/Learning2.app/$(BUNDLE_EXECUTABLE_FOLDER_PATH)/Learning2";
			};
			name = Debug;
		};
		0D9F521B2A373F5C009BDEC1 /* Release */ = {
			isa = XCBuildConfiguration;
			buildSettings = {
				ALWAYS_EMBED_SWIFT_STANDARD_LIBRARIES = YES;
				BUNDLE_LOADER = "$(TEST_HOST)";
				CODE_SIGN_STYLE = Automatic;
				CURRENT_PROJECT_VERSION = 1;
				DEVELOPMENT_TEAM = 68N5LUXG4G;
				GENERATE_INFOPLIST_FILE = YES;
				IPHONEOS_DEPLOYMENT_TARGET = 16.4;
				MACOSX_DEPLOYMENT_TARGET = 13.3;
				MARKETING_VERSION = 1.0;
				PRODUCT_BUNDLE_IDENTIFIER = emmetapps.Learning2Tests;
				PRODUCT_NAME = "$(TARGET_NAME)";
				SDKROOT = auto;
				SUPPORTED_PLATFORMS = "iphoneos iphonesimulator macosx";
				SWIFT_EMIT_LOC_STRINGS = NO;
				SWIFT_VERSION = 5.0;
				TARGETED_DEVICE_FAMILY = "1,2";
				TEST_HOST = "$(BUILT_PRODUCTS_DIR)/Learning2.app/$(BUNDLE_EXECUTABLE_FOLDER_PATH)/Learning2";
			};
			name = Release;
		};
		0D9F521D2A373F5C009BDEC1 /* Debug */ = {
			isa = XCBuildConfiguration;
			buildSettings = {
				ALWAYS_EMBED_SWIFT_STANDARD_LIBRARIES = YES;
				CODE_SIGN_STYLE = Automatic;
				CURRENT_PROJECT_VERSION = 1;
				DEVELOPMENT_TEAM = 68N5LUXG4G;
				GENERATE_INFOPLIST_FILE = YES;
				IPHONEOS_DEPLOYMENT_TARGET = 16.4;
				MACOSX_DEPLOYMENT_TARGET = 13.3;
				MARKETING_VERSION = 1.0;
				PRODUCT_BUNDLE_IDENTIFIER = emmetapps.Learning2UITests;
				PRODUCT_NAME = "$(TARGET_NAME)";
				SDKROOT = auto;
				SUPPORTED_PLATFORMS = "iphoneos iphonesimulator macosx";
				SWIFT_EMIT_LOC_STRINGS = NO;
				SWIFT_VERSION = 5.0;
				TARGETED_DEVICE_FAMILY = "1,2";
				TEST_TARGET_NAME = Learning2;
			};
			name = Debug;
		};
		0D9F521E2A373F5C009BDEC1 /* Release */ = {
			isa = XCBuildConfiguration;
			buildSettings = {
				ALWAYS_EMBED_SWIFT_STANDARD_LIBRARIES = YES;
				CODE_SIGN_STYLE = Automatic;
				CURRENT_PROJECT_VERSION = 1;
				DEVELOPMENT_TEAM = 68N5LUXG4G;
				GENERATE_INFOPLIST_FILE = YES;
				IPHONEOS_DEPLOYMENT_TARGET = 16.4;
				MACOSX_DEPLOYMENT_TARGET = 13.3;
				MARKETING_VERSION = 1.0;
				PRODUCT_BUNDLE_IDENTIFIER = emmetapps.Learning2UITests;
				PRODUCT_NAME = "$(TARGET_NAME)";
				SDKROOT = auto;
				SUPPORTED_PLATFORMS = "iphoneos iphonesimulator macosx";
				SWIFT_EMIT_LOC_STRINGS = NO;
				SWIFT_VERSION = 5.0;
				TARGETED_DEVICE_FAMILY = "1,2";
				TEST_TARGET_NAME = Learning2;
			};
			name = Release;
		};
/* End XCBuildConfiguration section */

/* Begin XCConfigurationList section */
		0D9F51EC2A373F58009BDEC1 /* Build configuration list for PBXProject "Learning2" */ = {
			isa = XCConfigurationList;
			buildConfigurations = (
				0D9F52142A373F5C009BDEC1 /* Debug */,
				0D9F52152A373F5C009BDEC1 /* Release */,
			);
			defaultConfigurationIsVisible = 0;
			defaultConfigurationName = Release;
		};
		0D9F52162A373F5C009BDEC1 /* Build configuration list for PBXNativeTarget "Learning2" */ = {
			isa = XCConfigurationList;
			buildConfigurations = (
				0D9F52172A373F5C009BDEC1 /* Debug */,
				0D9F52182A373F5C009BDEC1 /* Release */,
			);
			defaultConfigurationIsVisible = 0;
			defaultConfigurationName = Release;
		};
		0D9F52192A373F5C009BDEC1 /* Build configuration list for PBXNativeTarget "Learning2Tests" */ = {
			isa = XCConfigurationList;
			buildConfigurations = (
				0D9F521A2A373F5C009BDEC1 /* Debug */,
				0D9F521B2A373F5C009BDEC1 /* Release */,
			);
			defaultConfigurationIsVisible = 0;
			defaultConfigurationName = Release;
		};
		0D9F521C2A373F5C009BDEC1 /* Build configuration list for PBXNativeTarget "Learning2UITests" */ = {
			isa = XCConfigurationList;
			buildConfigurations = (
				0D9F521D2A373F5C009BDEC1 /* Debug */,
				0D9F521E2A373F5C009BDEC1 /* Release */,
			);
			defaultConfigurationIsVisible = 0;
			defaultConfigurationName = Release;
		};
/* End XCConfigurationList section */
	};
	rootObject = 0D9F51E92A373F58009BDEC1 /* Project object */;
}
